// !$*UTF8*$!
{
	archiveVersion = 1;
	classes = {
	};
	objectVersion = 77;
	objects = {

/* Begin PBXBuildFile section */
		0129D15936E52427A46702E7 /* MantaAuthClientTests.swift in Sources */ = {isa = PBXBuildFile; fileRef = 989AB507C4722A4CF012C3B8 /* MantaAuthClientTests.swift */; };
		01871023D47544D64443194D /* MantaModels.swift in Sources */ = {isa = PBXBuildFile; fileRef = 8C8240F1954861B4846E279D /* MantaModels.swift */; };
		0488B71F794FC6E64CDC0B23 /* TerminalKeyRow.swift in Sources */ = {isa = PBXBuildFile; fileRef = 7D7BC8920829E8847057C8DA /* TerminalKeyRow.swift */; };
		058E2179669599C216446E7C /* ToolOutputPreviewTests.swift in Sources */ = {isa = PBXBuildFile; fileRef = DAD2C923C52DE07EB54AB821 /* ToolOutputPreviewTests.swift */; };
		0DA0C1C92C06A3BED780494E /* UsageMeters.swift in Sources */ = {isa = PBXBuildFile; fileRef = 1A81D1BB24FB02E4DFFA04FE /* UsageMeters.swift */; };
		12070C130BD9D1CD9EA0603F /* WaveformTests.swift in Sources */ = {isa = PBXBuildFile; fileRef = AEF7554D798247FECA6BFF84 /* WaveformTests.swift */; };
		12C1D08D7311357D1872FA18 /* ChatJSON.swift in Sources */ = {isa = PBXBuildFile; fileRef = E246039C1A3AA38065BE89B0 /* ChatJSON.swift */; };
		1888AC1DE5A98EFBE6DDEA51 /* DeprecatedModelOptIns.swift in Sources */ = {isa = PBXBuildFile; fileRef = 6169B72F37CC138729DDD22E /* DeprecatedModelOptIns.swift */; };
		1A55CBC343898856735AF0F8 /* MantaChatSurfaceCaptureUITests.swift in Sources */ = {isa = PBXBuildFile; fileRef = 570E190164DB3AB83DC14283 /* MantaChatSurfaceCaptureUITests.swift */; };
		1B9026B4F0286A5186FD5197 /* MantaSettingsModels.swift in Sources */ = {isa = PBXBuildFile; fileRef = 39978655A14BFA5D39336286 /* MantaSettingsModels.swift */; };
		1E8A1AB9FB3945E6092CA2E2 /* UsageStore.swift in Sources */ = {isa = PBXBuildFile; fileRef = CAFF319B4F3CD4F13A20A1EB /* UsageStore.swift */; };
		1F0E6031C0987AFF27CC3F47 /* SessionListStore.swift in Sources */ = {isa = PBXBuildFile; fileRef = 24994B33B60EB6C4C6EF4178 /* SessionListStore.swift */; };
		239BD2739F1F96A11F033259 /* SessionCreateSheet.swift in Sources */ = {isa = PBXBuildFile; fileRef = B928337494F2C80D8ACB126C /* SessionCreateSheet.swift */; };
		261925E9ADC090271FED15DE /* TerminalSessionState.swift in Sources */ = {isa = PBXBuildFile; fileRef = 81FE763828641B50BF496F4D /* TerminalSessionState.swift */; };
		2727E78CDA096DC415008244 /* manta-logo.png in Resources */ = {isa = PBXBuildFile; fileRef = B230F69A60CD3DBC416612B0 /* manta-logo.png */; };
		2D0521ED1C9A66C89711D31F /* NativeActionSheet.swift in Sources */ = {isa = PBXBuildFile; fileRef = 4EA1F1EEE75DBB6A786FEE4F /* NativeActionSheet.swift */; };
		2F0CAA1B1DC211D065AC4761 /* TranscriptRow.swift in Sources */ = {isa = PBXBuildFile; fileRef = 74A048582549409FE0949053 /* TranscriptRow.swift */; };
		3354E683F0CE92566A77C7D3 /* MantaPairingModels.swift in Sources */ = {isa = PBXBuildFile; fileRef = 3531B9EF3162D19FB6C30756 /* MantaPairingModels.swift */; };
		33DC8035C0E87F9A3A7DA7DB /* MantaEventStore.swift in Sources */ = {isa = PBXBuildFile; fileRef = 1E1306D325FEB295B7AB874E /* MantaEventStore.swift */; };
		359C5AA931BE4D7F69B48604 /* MantaLiveTypeaheadSlashUITests.swift in Sources */ = {isa = PBXBuildFile; fileRef = 36E99A4154D594C6A36FB890 /* MantaLiveTypeaheadSlashUITests.swift */; };
		37B7F5C28332A180E825982C /* UsageSheets.swift in Sources */ = {isa = PBXBuildFile; fileRef = 7582E08CBBDCE70E242A6B18 /* UsageSheets.swift */; };
		3A14CB75D91300937752389C /* MantaAppRoot.swift in Sources */ = {isa = PBXBuildFile; fileRef = DD646A4951E292E750890CCB /* MantaAppRoot.swift */; };
		3CE79341ACF08E7F836522FD /* ChatStreamMergeTests.swift in Sources */ = {isa = PBXBuildFile; fileRef = EE0504A23AC9360042B3D51B /* ChatStreamMergeTests.swift */; };
		3F3FF5F6BE28352901513A14 /* MantaAppDelegate.swift in Sources */ = {isa = PBXBuildFile; fileRef = 25870866D56CCE59805BCC0E /* MantaAppDelegate.swift */; };
		404DB0475FB78037D65B6734 /* SessionResourceCards.swift in Sources */ = {isa = PBXBuildFile; fileRef = D178D08102AB83BF93B82D16 /* SessionResourceCards.swift */; };
		431A66604F73FFBD59781D92 /* TerminalScreen.swift in Sources */ = {isa = PBXBuildFile; fileRef = 942605E2D67D55C6DCCE83AC /* TerminalScreen.swift */; };
		49F13D74AD1B942D3313970B /* VoiceNoteTests.swift in Sources */ = {isa = PBXBuildFile; fileRef = AE01D00B6A031E239CC12EAD /* VoiceNoteTests.swift */; };
		4D3E99FA9CB1B101114D7A2A /* ArtifactDerivationTests.swift in Sources */ = {isa = PBXBuildFile; fileRef = CB8CF49BD3EB907D9822946F /* ArtifactDerivationTests.swift */; };
		4DFA9582998C586AAC579F31 /* MantaUIHierarchyCaptureUITests.swift in Sources */ = {isa = PBXBuildFile; fileRef = 714E922397017504533FC4EE /* MantaUIHierarchyCaptureUITests.swift */; };
		4FBB551A50B4DA5B955968DD /* MantaUIApp.swift in Sources */ = {isa = PBXBuildFile; fileRef = 87CBDB00B3F0D138CB44A326 /* MantaUIApp.swift */; };
		51F9E82B1001E68644519724 /* MantaRunningStateCaptureUITests.swift in Sources */ = {isa = PBXBuildFile; fileRef = 17673950838B843917DA660F /* MantaRunningStateCaptureUITests.swift */; };
		52C319CA847D3FECBC1297E2 /* VoiceRecordingSurface.swift in Sources */ = {isa = PBXBuildFile; fileRef = 9F06F838B4779D52B29E1173 /* VoiceRecordingSurface.swift */; };
		578DA0FFC68283A72AF914E8 /* VoiceGesture.swift in Sources */ = {isa = PBXBuildFile; fileRef = 6717B2E85100A1BCAC163A31 /* VoiceGesture.swift */; };
		5A03FC0627C87718E260CC02 /* MantaActionRPCWireTests.swift in Sources */ = {isa = PBXBuildFile; fileRef = 9CA2F9C1585492985A5D82ED /* MantaActionRPCWireTests.swift */; };
		5DED49382A895F0EB73EE951 /* MantaStreamModels.swift in Sources */ = {isa = PBXBuildFile; fileRef = 7F45372304FA61F99907B0A3 /* MantaStreamModels.swift */; };
		5E0226E9FAFF3F9CA9F45F8F /* SettingsScreen.swift in Sources */ = {isa = PBXBuildFile; fileRef = A1E78B0F5B521937B40937DC /* SettingsScreen.swift */; };
		5F85B39269B52E1E816CBA1B /* SettingsSchema.swift in Sources */ = {isa = PBXBuildFile; fileRef = 988B5D51F20F0D3BC838E083 /* SettingsSchema.swift */; };
		60032A2E2E4DD0810F2C79FE /* PendingPrompt.swift in Sources */ = {isa = PBXBuildFile; fileRef = 39FCF0EB1ADCD186680EB69C /* PendingPrompt.swift */; };
		61062DC85A5139A0AB22BC24 /* TerminalSocket.swift in Sources */ = {isa = PBXBuildFile; fileRef = F88D3B9B782BF819EEBEBF1D /* TerminalSocket.swift */; };
		6115C3531A59C0517C8C214A /* VoiceNote.swift in Sources */ = {isa = PBXBuildFile; fileRef = 1ED9F61E845DE68677AFEFF2 /* VoiceNote.swift */; };
		612658EEF8599BDB18369375 /* MantaAPIClient.swift in Sources */ = {isa = PBXBuildFile; fileRef = 17D174288A1A6C72E64B9079 /* MantaAPIClient.swift */; };
		61441105C65E4D7385DAF363 /* TerminalWebView.swift in Sources */ = {isa = PBXBuildFile; fileRef = 6BDC7F6FA94631DA4C55A948 /* TerminalWebView.swift */; };
		650862947C7F0D6C393C94BB /* ChatTranscriptTests.swift in Sources */ = {isa = PBXBuildFile; fileRef = C25DFE9E1AD1E939DBF7101D /* ChatTranscriptTests.swift */; };
		6545C305B308C5D49D581CFC /* MantaOnboarding.swift in Sources */ = {isa = PBXBuildFile; fileRef = 4B1B39AEF93CAAB814A6DBD7 /* MantaOnboarding.swift */; };
		67A2877890E8B008335AD7C0 /* KeychainCredentialStore.swift in Sources */ = {isa = PBXBuildFile; fileRef = 6E08743A649A206BA91EDD67 /* KeychainCredentialStore.swift */; };
		685261838F0EFABC1AB8B6B1 /* MantaPairingTests.swift in Sources */ = {isa = PBXBuildFile; fileRef = ABB2884AC2B1D0FE1E0DA8EB /* MantaPairingTests.swift */; };
		68760CC316BA947A82F360EE /* Scrim.swift in Sources */ = {isa = PBXBuildFile; fileRef = 0C440016971186430E8C464B /* Scrim.swift */; };
		68E78394110C12145674525B /* ChatModelPrefs.swift in Sources */ = {isa = PBXBuildFile; fileRef = F23DFA2A87BE93D8DF5472DF /* ChatModelPrefs.swift */; };
		6A720AF41BDA6F4FC40A5585 /* ChatModels.swift in Sources */ = {isa = PBXBuildFile; fileRef = 4F7631E09B6FF7B150392A83 /* ChatModels.swift */; };
		6AA12AFE81F85477EBFB3D25 /* MantaTranscriptGestureUITests.swift in Sources */ = {isa = PBXBuildFile; fileRef = 7442EBB8ACC827C69BDD2B6E /* MantaTranscriptGestureUITests.swift */; };
		708332CA7D72971C6626C9FC /* MantaVoiceRecordingUITests.swift in Sources */ = {isa = PBXBuildFile; fileRef = 59B1B02BB0060065B306394F /* MantaVoiceRecordingUITests.swift */; };
		74D756D48A7D2A5483170A8B /* MantaLoader.swift in Sources */ = {isa = PBXBuildFile; fileRef = 872DDE9D9BAD041950DAC24A /* MantaLoader.swift */; };
		754FEC92229B58783D516DC4 /* ModelPickerSheet.swift in Sources */ = {isa = PBXBuildFile; fileRef = A2C97C92B5E1ADA62F799D73 /* ModelPickerSheet.swift */; };
		75B97ECFE219AB9C7D45EDE3 /* Waveform.swift in Sources */ = {isa = PBXBuildFile; fileRef = 8D7B1F4E5EF7E0ADD2238839 /* Waveform.swift */; };
		7967215C9DD0A4EC1C08AC58 /* PendingPromptStoreTests.swift in Sources */ = {isa = PBXBuildFile; fileRef = DF38AC221EA0109EB55EFF76 /* PendingPromptStoreTests.swift */; };
		7C41CAE9FE6D1E06DEC10142 /* MantaResourceCardModelsTests.swift in Sources */ = {isa = PBXBuildFile; fileRef = EBC7D0BF807861DCCABC5A26 /* MantaResourceCardModelsTests.swift */; };
		7E8C2A70A3D5C0F949D79FF5 /* SessionModels.swift in Sources */ = {isa = PBXBuildFile; fileRef = 28250B8DDAB996449F7AE3AD /* SessionModels.swift */; };
		863035B4DE4C873A0BD9D0F5 /* MantaAuthClient.swift in Sources */ = {isa = PBXBuildFile; fileRef = 2F29E8693B4AA4191CF9C556 /* MantaAuthClient.swift */; };
		868536356F9E71119E51F8B7 /* PlanDerivation.swift in Sources */ = {isa = PBXBuildFile; fileRef = 7190EEBC7A7233EE21FE264A /* PlanDerivation.swift */; };
		8A6656EBBD6AEC1B5CE7D0D6 /* MantaSettingsTests.swift in Sources */ = {isa = PBXBuildFile; fileRef = 57FFB984A951D5C7BD8D02F9 /* MantaSettingsTests.swift */; };
		8C67D893A425A3B5495CB882 /* ComposerTypeahead.swift in Sources */ = {isa = PBXBuildFile; fileRef = ED6ABAA46F1CBD2093D4AC87 /* ComposerTypeahead.swift */; };
		8C965541FA4ABDFB2A2A319E /* terminal in Resources */ = {isa = PBXBuildFile; fileRef = 0C1EE3F998CADE8487D2555E /* terminal */; };
		8F61F901888B9FE16EA093B0 /* ChatSessionStore.swift in Sources */ = {isa = PBXBuildFile; fileRef = 471BF240012879FDED5689C1 /* ChatSessionStore.swift */; };
		9055A7DECF435A0A430D6FAB /* MantaSettingsStore.swift in Sources */ = {isa = PBXBuildFile; fileRef = ABF1AB00CC95EA99A4EF537B /* MantaSettingsStore.swift */; };
		9068396FC592D6010419D13D /* MantaDynamicType.swift in Sources */ = {isa = PBXBuildFile; fileRef = 0FCC705A51D162CE3E7E3B00 /* MantaDynamicType.swift */; };
		9203A22473582BAD597CFABC /* ComposerTypeaheadTests.swift in Sources */ = {isa = PBXBuildFile; fileRef = 7E94945B8AA543436D5A6202 /* ComposerTypeaheadTests.swift */; };
		94493F871005DA7F4DA19ED7 /* SessionListView.swift in Sources */ = {isa = PBXBuildFile; fileRef = D06ECCB6D27DBD73D1FF3189 /* SessionListView.swift */; };
		95970E5B12500AFD427E23D9 /* TranscriptComponents.swift in Sources */ = {isa = PBXBuildFile; fileRef = A26BEC5EF47268C8B29239F0 /* TranscriptComponents.swift */; };
		959894A87F301CC717772BD3 /* ChatLoadingSkeleton.swift in Sources */ = {isa = PBXBuildFile; fileRef = E0733CF7BEEE1C7B517C4010 /* ChatLoadingSkeleton.swift */; };
		95A9EDE98E7304030E438CEF /* FolderPickerView.swift in Sources */ = {isa = PBXBuildFile; fileRef = 5D71EC917661085ED10E0867 /* FolderPickerView.swift */; };
		96F128D3EBC0D1432F603FDB /* ComposerTests.swift in Sources */ = {isa = PBXBuildFile; fileRef = 938AB4A14437119280E1B53A /* ComposerTests.swift */; };
		97CCE1CDDEF2E81BF57B52D1 /* UsageMetersTests.swift in Sources */ = {isa = PBXBuildFile; fileRef = D687A8F5AD2BEEAC0D728C3C /* UsageMetersTests.swift */; };
		98A26A0ABAFE54728AE97FEE /* VoiceRecorder.swift in Sources */ = {isa = PBXBuildFile; fileRef = 4B4BD7922C8909E3A3961957 /* VoiceRecorder.swift */; };
		9BF6855A825F539665FF1563 /* MantaEventStreamTests.swift in Sources */ = {isa = PBXBuildFile; fileRef = EF45305B46745A80925FC1A4 /* MantaEventStreamTests.swift */; };
		9C027B884D963083B775876C /* GoogleService-Info.plist in Resources */ = {isa = PBXBuildFile; fileRef = CAD176AE6BC2E7A6024A5761 /* GoogleService-Info.plist */; };
		9CF891D747797006729FDBD3 /* RootView.swift in Sources */ = {isa = PBXBuildFile; fileRef = A4E84DF65831DE58599C53BD /* RootView.swift */; };
		9E9F0CED519AB1DF30516047 /* ChatOverflowCaptureScene.swift in Sources */ = {isa = PBXBuildFile; fileRef = 4603364B1845FF6C330EB601 /* ChatOverflowCaptureScene.swift */; };
		ABA727BCDA6229EC5FC4C87B /* DeprecatedModelOptInsTests.swift in Sources */ = {isa = PBXBuildFile; fileRef = 39B5E0C86E9FA4A10239DBFA /* DeprecatedModelOptInsTests.swift */; };
		AF7832C75B545CF27B10EB13 /* MantaLiveArtifactsUITests.swift in Sources */ = {isa = PBXBuildFile; fileRef = E4FA4CCB9740565057F26D31 /* MantaLiveArtifactsUITests.swift */; };
		B0D305420CA78C35FFD1E617 /* ArtifactDerivation.swift in Sources */ = {isa = PBXBuildFile; fileRef = 15E5DB4B26254A37A3075BD2 /* ArtifactDerivation.swift */; };
		B46B35ED65EDB8F13002F091 /* MessagingUI in Frameworks */ = {isa = PBXBuildFile; productRef = 2B48EABB4EC8AF086CA5C6AB /* MessagingUI */; };
		B5B62843F8D5814E0E5CEA40 /* MantaTransportTests.swift in Sources */ = {isa = PBXBuildFile; fileRef = 9BF85CE7BB8B25AABF039BC5 /* MantaTransportTests.swift */; };
		B7D2A1C0F9EC29C5B0002C8F /* VoiceGestureTests.swift in Sources */ = {isa = PBXBuildFile; fileRef = E4A5AE775D3F3D82FC69A54F /* VoiceGestureTests.swift */; };
		B97905DC3BE32E36E682EF0C /* MantaLiveChatClearCaptureUITests.swift in Sources */ = {isa = PBXBuildFile; fileRef = 6E1D5B31C8FB29B23AB2A577 /* MantaLiveChatClearCaptureUITests.swift */; };
		BFC5BB268D33C67CB9C66A9E /* MarkdownView in Frameworks */ = {isa = PBXBuildFile; productRef = F69CF621A0341F78A09CFF85 /* MarkdownView */; };
		C2C89BEF7843F4F3460A926F /* MantaOverflowCaptureUITests.swift in Sources */ = {isa = PBXBuildFile; fileRef = 681F342360878481A0D8364F /* MantaOverflowCaptureUITests.swift */; };
		C414F36E83344076CE4F1ACD /* TerminalModelsTests.swift in Sources */ = {isa = PBXBuildFile; fileRef = DA2C52DC49C55784D6EF2B65 /* TerminalModelsTests.swift */; };
		C873DB69BB5BC6966B945F38 /* ComposerHistoryTests.swift in Sources */ = {isa = PBXBuildFile; fileRef = 2FBF552FE7478A5E46C1FDFF /* ComposerHistoryTests.swift */; };
		C96C7F34F91F06214FD25523 /* ChatVoice.swift in Sources */ = {isa = PBXBuildFile; fileRef = 0451BC1AF50CB3A8D80344A5 /* ChatVoice.swift */; };
		CC6A77686B936B4DB6026466 /* ChatModelStore.swift in Sources */ = {isa = PBXBuildFile; fileRef = 8A6472C0BC3BDACAC4559198 /* ChatModelStore.swift */; };
		CE48AF05FEFD7446610C8B70 /* VoiceNotePlayer.swift in Sources */ = {isa = PBXBuildFile; fileRef = EAA20AACFCE7D2BA897AE130 /* VoiceNotePlayer.swift */; };
		CFE1B93882BD2EAF2A8B80BB /* ModelRecentsTests.swift in Sources */ = {isa = PBXBuildFile; fileRef = 38864A574D6CE5142E07B487 /* ModelRecentsTests.swift */; };
		D00F9D46F24F42E011EF8587 /* ComposerHistory.swift in Sources */ = {isa = PBXBuildFile; fileRef = 364047190C5DF33F9134BDFF /* ComposerHistory.swift */; };
		D3E89E0419EE12C59BEA62A9 /* MantaQRScanner.swift in Sources */ = {isa = PBXBuildFile; fileRef = 5B4D07F9EBDCD8A693C141FF /* MantaQRScanner.swift */; };
		D776E336456236DC1493565F /* ChatModel.swift in Sources */ = {isa = PBXBuildFile; fileRef = 229392FD3405558D301D0809 /* ChatModel.swift */; };
		D8B312D02500D61F791EF275 /* MantaPairingDriverUITests.swift in Sources */ = {isa = PBXBuildFile; fileRef = AD55034506C4DF218AD7300E /* MantaPairingDriverUITests.swift */; };
		D9266F363BEB86F687C320FC /* ComposerView.swift in Sources */ = {isa = PBXBuildFile; fileRef = C42691C89906181C99929354 /* ComposerView.swift */; };
		DB494E7C3511EA8E1D01F8B1 /* FirebaseCrashlytics in Frameworks */ = {isa = PBXBuildFile; productRef = 3064D265FAB7F52B42389A28 /* FirebaseCrashlytics */; };
		DE5E17651AB0E9C750C4D712 /* MantaSubagentDrillInUITests.swift in Sources */ = {isa = PBXBuildFile; fileRef = 12A39FBE813A8B20F7F00055 /* MantaSubagentDrillInUITests.swift */; };
		E013C537E1082259B979DF35 /* SessionModelsTests.swift in Sources */ = {isa = PBXBuildFile; fileRef = 9803742B79E4302F8813EFCC /* SessionModelsTests.swift */; };
		E096BAD9FD8E87E15481B646 /* Theme.swift in Sources */ = {isa = PBXBuildFile; fileRef = 799EED7CC4F10C6684A5662C /* Theme.swift */; };
		E0DE29696DA12A52BE7FCD0D /* TerminalModels.swift in Sources */ = {isa = PBXBuildFile; fileRef = 2C3C09F5D2FEAE01B1C9CF1E /* TerminalModels.swift */; };
		E128F0443F5F8B3AF051667A /* ModelRecents.swift in Sources */ = {isa = PBXBuildFile; fileRef = 9DD6CA51FD8B7CE80314E0CD /* ModelRecents.swift */; };
		E12FC0E7284E2760AD3A6C4C /* ChatScreen.swift in Sources */ = {isa = PBXBuildFile; fileRef = 436675A65BF149932C1EADE0 /* ChatScreen.swift */; };
		E37BCF5DE477D4CAAC0ACCD8 /* MantaContextStripVerifyUITests.swift in Sources */ = {isa = PBXBuildFile; fileRef = 1BBC0EC48A556426D44A1A42 /* MantaContextStripVerifyUITests.swift */; };
		E394FF8B718A3D7871EC749C /* ChatModelCatalog.swift in Sources */ = {isa = PBXBuildFile; fileRef = 4098461F579869804595B0A3 /* ChatModelCatalog.swift */; };
		E631BDFC8B6DF9D3E602DE22 /* PlanDerivationTests.swift in Sources */ = {isa = PBXBuildFile; fileRef = BEBD86C54D5730F24D2E956E /* PlanDerivationTests.swift */; };
		E84EC5ADFC08C40B413BE9F3 /* BranchLabelTests.swift in Sources */ = {isa = PBXBuildFile; fileRef = 5AE55697AC4EC2304E05D8A1 /* BranchLabelTests.swift */; };
		E8B921F11FB02F147C910B32 /* PolishTests.swift in Sources */ = {isa = PBXBuildFile; fileRef = B82B782F73475FDD71F6D6B5 /* PolishTests.swift */; };
		EAA66561F9150E1E2D4FBA4A /* MantaReconnectController.swift in Sources */ = {isa = PBXBuildFile; fileRef = 772D1B80A35F4493F828ACC2 /* MantaReconnectController.swift */; };
		ECB0360A8A26279B6EEF955F /* MantaUIOverflowCaptureUITests.swift in Sources */ = {isa = PBXBuildFile; fileRef = 5EF0199856D7E4C0B0D2595C /* MantaUIOverflowCaptureUITests.swift */; };
		ED03A3C1AAFA1094A92A9ECA /* MantaDeepLinkUITests.swift in Sources */ = {isa = PBXBuildFile; fileRef = 2B7A1F140660F9AC7AF07E00 /* MantaDeepLinkUITests.swift */; };
		EDFF1716E461980191B71C85 /* MantaPairFixture.swift in Sources */ = {isa = PBXBuildFile; fileRef = 8D8A1A5388E54F31462D616F /* MantaPairFixture.swift */; };
		EE22C75492152C8594275C5C /* ChatOverflowSheet.swift in Sources */ = {isa = PBXBuildFile; fileRef = BA460F4E709501AE6C65D08A /* ChatOverflowSheet.swift */; };
		EE3F3D2D85BC08D58A78A564 /* MantaError.swift in Sources */ = {isa = PBXBuildFile; fileRef = A11BB42810D0F3D3ADD9B557 /* MantaError.swift */; };
		F30211F79048035CE5520266 /* RunningIndicator.swift in Sources */ = {isa = PBXBuildFile; fileRef = 6BA4ADBB2FD5BAC7940D5B69 /* RunningIndicator.swift */; };
		F84BE156312997C53C3314AF /* MantaDeepLink.swift in Sources */ = {isa = PBXBuildFile; fileRef = 8879A94FE1BE824F438342AD /* MantaDeepLink.swift */; };
		FF511A296958C8376966852F /* Assets.xcassets in Resources */ = {isa = PBXBuildFile; fileRef = 82EEBB3B72D8F63CF4D8CB7B /* Assets.xcassets */; };
/* End PBXBuildFile section */

/* Begin PBXContainerItemProxy section */
		1CE0016C02E4DB509C179AEC /* PBXContainerItemProxy */ = {
			isa = PBXContainerItemProxy;
			containerPortal = 747EF81B08A2EE0658BCE94C /* Project object */;
			proxyType = 1;
			remoteGlobalIDString = 27F9832827A761BC0E5BCE51;
			remoteInfo = MantaUI;
		};
		8810EC5DBFDD634E1F282BE7 /* PBXContainerItemProxy */ = {
			isa = PBXContainerItemProxy;
			containerPortal = 747EF81B08A2EE0658BCE94C /* Project object */;
			proxyType = 1;
			remoteGlobalIDString = 27F9832827A761BC0E5BCE51;
			remoteInfo = MantaUI;
		};
/* End PBXContainerItemProxy section */

/* Begin PBXFileReference section */
		0451BC1AF50CB3A8D80344A5 /* ChatVoice.swift */ = {isa = PBXFileReference; lastKnownFileType = sourcecode.swift; path = ChatVoice.swift; sourceTree = "<group>"; };
		0C1EE3F998CADE8487D2555E /* terminal */ = {isa = PBXFileReference; lastKnownFileType = folder; name = terminal; path = MantaUI/Resources/terminal; sourceTree = SOURCE_ROOT; };
		0C440016971186430E8C464B /* Scrim.swift */ = {isa = PBXFileReference; lastKnownFileType = sourcecode.swift; path = Scrim.swift; sourceTree = "<group>"; };
		0FCC705A51D162CE3E7E3B00 /* MantaDynamicType.swift */ = {isa = PBXFileReference; lastKnownFileType = sourcecode.swift; path = MantaDynamicType.swift; sourceTree = "<group>"; };
		12A39FBE813A8B20F7F00055 /* MantaSubagentDrillInUITests.swift */ = {isa = PBXFileReference; lastKnownFileType = sourcecode.swift; path = MantaSubagentDrillInUITests.swift; sourceTree = "<group>"; };
		15E5DB4B26254A37A3075BD2 /* ArtifactDerivation.swift */ = {isa = PBXFileReference; lastKnownFileType = sourcecode.swift; path = ArtifactDerivation.swift; sourceTree = "<group>"; };
		17673950838B843917DA660F /* MantaRunningStateCaptureUITests.swift */ = {isa = PBXFileReference; lastKnownFileType = sourcecode.swift; path = MantaRunningStateCaptureUITests.swift; sourceTree = "<group>"; };
		17D174288A1A6C72E64B9079 /* MantaAPIClient.swift */ = {isa = PBXFileReference; lastKnownFileType = sourcecode.swift; path = MantaAPIClient.swift; sourceTree = "<group>"; };
		1A81D1BB24FB02E4DFFA04FE /* UsageMeters.swift */ = {isa = PBXFileReference; lastKnownFileType = sourcecode.swift; path = UsageMeters.swift; sourceTree = "<group>"; };
		1BBC0EC48A556426D44A1A42 /* MantaContextStripVerifyUITests.swift */ = {isa = PBXFileReference; lastKnownFileType = sourcecode.swift; path = MantaContextStripVerifyUITests.swift; sourceTree = "<group>"; };
		1E1306D325FEB295B7AB874E /* MantaEventStore.swift */ = {isa = PBXFileReference; lastKnownFileType = sourcecode.swift; path = MantaEventStore.swift; sourceTree = "<group>"; };
		1ED9F61E845DE68677AFEFF2 /* VoiceNote.swift */ = {isa = PBXFileReference; lastKnownFileType = sourcecode.swift; path = VoiceNote.swift; sourceTree = "<group>"; };
		1F2DD310976F1DDDA947FDA1 /* MantaUITests.entitlements */ = {isa = PBXFileReference; lastKnownFileType = text.plist.entitlements; path = MantaUITests.entitlements; sourceTree = "<group>"; };
		229392FD3405558D301D0809 /* ChatModel.swift */ = {isa = PBXFileReference; lastKnownFileType = sourcecode.swift; path = ChatModel.swift; sourceTree = "<group>"; };
		24994B33B60EB6C4C6EF4178 /* SessionListStore.swift */ = {isa = PBXFileReference; lastKnownFileType = sourcecode.swift; path = SessionListStore.swift; sourceTree = "<group>"; };
		25870866D56CCE59805BCC0E /* MantaAppDelegate.swift */ = {isa = PBXFileReference; lastKnownFileType = sourcecode.swift; path = MantaAppDelegate.swift; sourceTree = "<group>"; };
		28250B8DDAB996449F7AE3AD /* SessionModels.swift */ = {isa = PBXFileReference; lastKnownFileType = sourcecode.swift; path = SessionModels.swift; sourceTree = "<group>"; };
		2B7A1F140660F9AC7AF07E00 /* MantaDeepLinkUITests.swift */ = {isa = PBXFileReference; lastKnownFileType = sourcecode.swift; path = MantaDeepLinkUITests.swift; sourceTree = "<group>"; };
		2C13A01F9048A8907CBCC31D /* MantaUIUITests.xctest */ = {isa = PBXFileReference; includeInIndex = 0; lastKnownFileType = wrapper.cfbundle; path = MantaUIUITests.xctest; sourceTree = BUILT_PRODUCTS_DIR; };
		2C3C09F5D2FEAE01B1C9CF1E /* TerminalModels.swift */ = {isa = PBXFileReference; lastKnownFileType = sourcecode.swift; path = TerminalModels.swift; sourceTree = "<group>"; };
		2F29E8693B4AA4191CF9C556 /* MantaAuthClient.swift */ = {isa = PBXFileReference; lastKnownFileType = sourcecode.swift; path = MantaAuthClient.swift; sourceTree = "<group>"; };
		2FBF552FE7478A5E46C1FDFF /* ComposerHistoryTests.swift */ = {isa = PBXFileReference; lastKnownFileType = sourcecode.swift; path = ComposerHistoryTests.swift; sourceTree = "<group>"; };
		3531B9EF3162D19FB6C30756 /* MantaPairingModels.swift */ = {isa = PBXFileReference; lastKnownFileType = sourcecode.swift; path = MantaPairingModels.swift; sourceTree = "<group>"; };
		35ECC10E3DB9A931F8EB5420 /* MantaUI.app */ = {isa = PBXFileReference; includeInIndex = 0; lastKnownFileType = wrapper.application; path = MantaUI.app; sourceTree = BUILT_PRODUCTS_DIR; };
		364047190C5DF33F9134BDFF /* ComposerHistory.swift */ = {isa = PBXFileReference; lastKnownFileType = sourcecode.swift; path = ComposerHistory.swift; sourceTree = "<group>"; };
		36E99A4154D594C6A36FB890 /* MantaLiveTypeaheadSlashUITests.swift */ = {isa = PBXFileReference; lastKnownFileType = sourcecode.swift; path = MantaLiveTypeaheadSlashUITests.swift; sourceTree = "<group>"; };
		38864A574D6CE5142E07B487 /* ModelRecentsTests.swift */ = {isa = PBXFileReference; lastKnownFileType = sourcecode.swift; path = ModelRecentsTests.swift; sourceTree = "<group>"; };
		39978655A14BFA5D39336286 /* MantaSettingsModels.swift */ = {isa = PBXFileReference; lastKnownFileType = sourcecode.swift; path = MantaSettingsModels.swift; sourceTree = "<group>"; };
		39B5E0C86E9FA4A10239DBFA /* DeprecatedModelOptInsTests.swift */ = {isa = PBXFileReference; lastKnownFileType = sourcecode.swift; path = DeprecatedModelOptInsTests.swift; sourceTree = "<group>"; };
		39FCF0EB1ADCD186680EB69C /* PendingPrompt.swift */ = {isa = PBXFileReference; lastKnownFileType = sourcecode.swift; path = PendingPrompt.swift; sourceTree = "<group>"; };
		4098461F579869804595B0A3 /* ChatModelCatalog.swift */ = {isa = PBXFileReference; lastKnownFileType = sourcecode.swift; path = ChatModelCatalog.swift; sourceTree = "<group>"; };
		436675A65BF149932C1EADE0 /* ChatScreen.swift */ = {isa = PBXFileReference; lastKnownFileType = sourcecode.swift; path = ChatScreen.swift; sourceTree = "<group>"; };
		4603364B1845FF6C330EB601 /* ChatOverflowCaptureScene.swift */ = {isa = PBXFileReference; lastKnownFileType = sourcecode.swift; path = ChatOverflowCaptureScene.swift; sourceTree = "<group>"; };
		471BF240012879FDED5689C1 /* ChatSessionStore.swift */ = {isa = PBXFileReference; lastKnownFileType = sourcecode.swift; path = ChatSessionStore.swift; sourceTree = "<group>"; };
		4B1B39AEF93CAAB814A6DBD7 /* MantaOnboarding.swift */ = {isa = PBXFileReference; lastKnownFileType = sourcecode.swift; path = MantaOnboarding.swift; sourceTree = "<group>"; };
		4B4BD7922C8909E3A3961957 /* VoiceRecorder.swift */ = {isa = PBXFileReference; lastKnownFileType = sourcecode.swift; path = VoiceRecorder.swift; sourceTree = "<group>"; };
		4EA1F1EEE75DBB6A786FEE4F /* NativeActionSheet.swift */ = {isa = PBXFileReference; lastKnownFileType = sourcecode.swift; path = NativeActionSheet.swift; sourceTree = "<group>"; };
		4F7631E09B6FF7B150392A83 /* ChatModels.swift */ = {isa = PBXFileReference; lastKnownFileType = sourcecode.swift; path = ChatModels.swift; sourceTree = "<group>"; };
		570E190164DB3AB83DC14283 /* MantaChatSurfaceCaptureUITests.swift */ = {isa = PBXFileReference; lastKnownFileType = sourcecode.swift; path = MantaChatSurfaceCaptureUITests.swift; sourceTree = "<group>"; };
		57FFB984A951D5C7BD8D02F9 /* MantaSettingsTests.swift */ = {isa = PBXFileReference; lastKnownFileType = sourcecode.swift; path = MantaSettingsTests.swift; sourceTree = "<group>"; };
		59B1B02BB0060065B306394F /* MantaVoiceRecordingUITests.swift */ = {isa = PBXFileReference; lastKnownFileType = sourcecode.swift; path = MantaVoiceRecordingUITests.swift; sourceTree = "<group>"; };
		5AE55697AC4EC2304E05D8A1 /* BranchLabelTests.swift */ = {isa = PBXFileReference; lastKnownFileType = sourcecode.swift; path = BranchLabelTests.swift; sourceTree = "<group>"; };
		5B4D07F9EBDCD8A693C141FF /* MantaQRScanner.swift */ = {isa = PBXFileReference; lastKnownFileType = sourcecode.swift; path = MantaQRScanner.swift; sourceTree = "<group>"; };
		5C02DA420B52094269A88E80 /* Info.plist */ = {isa = PBXFileReference; lastKnownFileType = text.plist; path = Info.plist; sourceTree = "<group>"; };
		5D71EC917661085ED10E0867 /* FolderPickerView.swift */ = {isa = PBXFileReference; lastKnownFileType = sourcecode.swift; path = FolderPickerView.swift; sourceTree = "<group>"; };
		5EF0199856D7E4C0B0D2595C /* MantaUIOverflowCaptureUITests.swift */ = {isa = PBXFileReference; lastKnownFileType = sourcecode.swift; path = MantaUIOverflowCaptureUITests.swift; sourceTree = "<group>"; };
		6169B72F37CC138729DDD22E /* DeprecatedModelOptIns.swift */ = {isa = PBXFileReference; lastKnownFileType = sourcecode.swift; path = DeprecatedModelOptIns.swift; sourceTree = "<group>"; };
		6717B2E85100A1BCAC163A31 /* VoiceGesture.swift */ = {isa = PBXFileReference; lastKnownFileType = sourcecode.swift; path = VoiceGesture.swift; sourceTree = "<group>"; };
		681F342360878481A0D8364F /* MantaOverflowCaptureUITests.swift */ = {isa = PBXFileReference; lastKnownFileType = sourcecode.swift; path = MantaOverflowCaptureUITests.swift; sourceTree = "<group>"; };
		6BA4ADBB2FD5BAC7940D5B69 /* RunningIndicator.swift */ = {isa = PBXFileReference; lastKnownFileType = sourcecode.swift; path = RunningIndicator.swift; sourceTree = "<group>"; };
		6BDC7F6FA94631DA4C55A948 /* TerminalWebView.swift */ = {isa = PBXFileReference; lastKnownFileType = sourcecode.swift; path = TerminalWebView.swift; sourceTree = "<group>"; };
		6E08743A649A206BA91EDD67 /* KeychainCredentialStore.swift */ = {isa = PBXFileReference; lastKnownFileType = sourcecode.swift; path = KeychainCredentialStore.swift; sourceTree = "<group>"; };
		6E1D5B31C8FB29B23AB2A577 /* MantaLiveChatClearCaptureUITests.swift */ = {isa = PBXFileReference; lastKnownFileType = sourcecode.swift; path = MantaLiveChatClearCaptureUITests.swift; sourceTree = "<group>"; };
		714E922397017504533FC4EE /* MantaUIHierarchyCaptureUITests.swift */ = {isa = PBXFileReference; lastKnownFileType = sourcecode.swift; path = MantaUIHierarchyCaptureUITests.swift; sourceTree = "<group>"; };
		7190EEBC7A7233EE21FE264A /* PlanDerivation.swift */ = {isa = PBXFileReference; lastKnownFileType = sourcecode.swift; path = PlanDerivation.swift; sourceTree = "<group>"; };
		7442EBB8ACC827C69BDD2B6E /* MantaTranscriptGestureUITests.swift */ = {isa = PBXFileReference; lastKnownFileType = sourcecode.swift; path = MantaTranscriptGestureUITests.swift; sourceTree = "<group>"; };
		74A048582549409FE0949053 /* TranscriptRow.swift */ = {isa = PBXFileReference; lastKnownFileType = sourcecode.swift; path = TranscriptRow.swift; sourceTree = "<group>"; };
		7582E08CBBDCE70E242A6B18 /* UsageSheets.swift */ = {isa = PBXFileReference; lastKnownFileType = sourcecode.swift; path = UsageSheets.swift; sourceTree = "<group>"; };
		772D1B80A35F4493F828ACC2 /* MantaReconnectController.swift */ = {isa = PBXFileReference; lastKnownFileType = sourcecode.swift; path = MantaReconnectController.swift; sourceTree = "<group>"; };
		799EED7CC4F10C6684A5662C /* Theme.swift */ = {isa = PBXFileReference; lastKnownFileType = sourcecode.swift; path = Theme.swift; sourceTree = "<group>"; };
		7D7BC8920829E8847057C8DA /* TerminalKeyRow.swift */ = {isa = PBXFileReference; lastKnownFileType = sourcecode.swift; path = TerminalKeyRow.swift; sourceTree = "<group>"; };
		7E94945B8AA543436D5A6202 /* ComposerTypeaheadTests.swift */ = {isa = PBXFileReference; lastKnownFileType = sourcecode.swift; path = ComposerTypeaheadTests.swift; sourceTree = "<group>"; };
		7F45372304FA61F99907B0A3 /* MantaStreamModels.swift */ = {isa = PBXFileReference; lastKnownFileType = sourcecode.swift; path = MantaStreamModels.swift; sourceTree = "<group>"; };
		81FE763828641B50BF496F4D /* TerminalSessionState.swift */ = {isa = PBXFileReference; lastKnownFileType = sourcecode.swift; path = TerminalSessionState.swift; sourceTree = "<group>"; };
		82EEBB3B72D8F63CF4D8CB7B /* Assets.xcassets */ = {isa = PBXFileReference; lastKnownFileType = folder.assetcatalog; path = Assets.xcassets; sourceTree = "<group>"; };
		872DDE9D9BAD041950DAC24A /* MantaLoader.swift */ = {isa = PBXFileReference; lastKnownFileType = sourcecode.swift; path = MantaLoader.swift; sourceTree = "<group>"; };
		87CBDB00B3F0D138CB44A326 /* MantaUIApp.swift */ = {isa = PBXFileReference; lastKnownFileType = sourcecode.swift; path = MantaUIApp.swift; sourceTree = "<group>"; };
		8879A94FE1BE824F438342AD /* MantaDeepLink.swift */ = {isa = PBXFileReference; lastKnownFileType = sourcecode.swift; path = MantaDeepLink.swift; sourceTree = "<group>"; };
		8A6472C0BC3BDACAC4559198 /* ChatModelStore.swift */ = {isa = PBXFileReference; lastKnownFileType = sourcecode.swift; path = ChatModelStore.swift; sourceTree = "<group>"; };
		8C8240F1954861B4846E279D /* MantaModels.swift */ = {isa = PBXFileReference; lastKnownFileType = sourcecode.swift; path = MantaModels.swift; sourceTree = "<group>"; };
		8D7B1F4E5EF7E0ADD2238839 /* Waveform.swift */ = {isa = PBXFileReference; lastKnownFileType = sourcecode.swift; path = Waveform.swift; sourceTree = "<group>"; };
		8D8A1A5388E54F31462D616F /* MantaPairFixture.swift */ = {isa = PBXFileReference; lastKnownFileType = sourcecode.swift; path = MantaPairFixture.swift; sourceTree = "<group>"; };
		938AB4A14437119280E1B53A /* ComposerTests.swift */ = {isa = PBXFileReference; lastKnownFileType = sourcecode.swift; path = ComposerTests.swift; sourceTree = "<group>"; };
		942605E2D67D55C6DCCE83AC /* TerminalScreen.swift */ = {isa = PBXFileReference; lastKnownFileType = sourcecode.swift; path = TerminalScreen.swift; sourceTree = "<group>"; };
		9803742B79E4302F8813EFCC /* SessionModelsTests.swift */ = {isa = PBXFileReference; lastKnownFileType = sourcecode.swift; path = SessionModelsTests.swift; sourceTree = "<group>"; };
		988B5D51F20F0D3BC838E083 /* SettingsSchema.swift */ = {isa = PBXFileReference; lastKnownFileType = sourcecode.swift; path = SettingsSchema.swift; sourceTree = "<group>"; };
		989AB507C4722A4CF012C3B8 /* MantaAuthClientTests.swift */ = {isa = PBXFileReference; lastKnownFileType = sourcecode.swift; path = MantaAuthClientTests.swift; sourceTree = "<group>"; };
		9BF85CE7BB8B25AABF039BC5 /* MantaTransportTests.swift */ = {isa = PBXFileReference; lastKnownFileType = sourcecode.swift; path = MantaTransportTests.swift; sourceTree = "<group>"; };
		9CA2F9C1585492985A5D82ED /* MantaActionRPCWireTests.swift */ = {isa = PBXFileReference; lastKnownFileType = sourcecode.swift; path = MantaActionRPCWireTests.swift; sourceTree = "<group>"; };
		9DD6CA51FD8B7CE80314E0CD /* ModelRecents.swift */ = {isa = PBXFileReference; lastKnownFileType = sourcecode.swift; path = ModelRecents.swift; sourceTree = "<group>"; };
		9F06F838B4779D52B29E1173 /* VoiceRecordingSurface.swift */ = {isa = PBXFileReference; lastKnownFileType = sourcecode.swift; path = VoiceRecordingSurface.swift; sourceTree = "<group>"; };
		A11BB42810D0F3D3ADD9B557 /* MantaError.swift */ = {isa = PBXFileReference; lastKnownFileType = sourcecode.swift; path = MantaError.swift; sourceTree = "<group>"; };
		A1E78B0F5B521937B40937DC /* SettingsScreen.swift */ = {isa = PBXFileReference; lastKnownFileType = sourcecode.swift; path = SettingsScreen.swift; sourceTree = "<group>"; };
		A26BEC5EF47268C8B29239F0 /* TranscriptComponents.swift */ = {isa = PBXFileReference; lastKnownFileType = sourcecode.swift; path = TranscriptComponents.swift; sourceTree = "<group>"; };
		A2C97C92B5E1ADA62F799D73 /* ModelPickerSheet.swift */ = {isa = PBXFileReference; lastKnownFileType = sourcecode.swift; path = ModelPickerSheet.swift; sourceTree = "<group>"; };
		A4E84DF65831DE58599C53BD /* RootView.swift */ = {isa = PBXFileReference; lastKnownFileType = sourcecode.swift; path = RootView.swift; sourceTree = "<group>"; };
		ABB2884AC2B1D0FE1E0DA8EB /* MantaPairingTests.swift */ = {isa = PBXFileReference; lastKnownFileType = sourcecode.swift; path = MantaPairingTests.swift; sourceTree = "<group>"; };
		ABF1AB00CC95EA99A4EF537B /* MantaSettingsStore.swift */ = {isa = PBXFileReference; lastKnownFileType = sourcecode.swift; path = MantaSettingsStore.swift; sourceTree = "<group>"; };
		AD55034506C4DF218AD7300E /* MantaPairingDriverUITests.swift */ = {isa = PBXFileReference; lastKnownFileType = sourcecode.swift; path = MantaPairingDriverUITests.swift; sourceTree = "<group>"; };
		AE01D00B6A031E239CC12EAD /* VoiceNoteTests.swift */ = {isa = PBXFileReference; lastKnownFileType = sourcecode.swift; path = VoiceNoteTests.swift; sourceTree = "<group>"; };
		AEF7554D798247FECA6BFF84 /* WaveformTests.swift */ = {isa = PBXFileReference; lastKnownFileType = sourcecode.swift; path = WaveformTests.swift; sourceTree = "<group>"; };
		B230F69A60CD3DBC416612B0 /* manta-logo.png */ = {isa = PBXFileReference; lastKnownFileType = image.png; path = "manta-logo.png"; sourceTree = "<group>"; };
		B82B782F73475FDD71F6D6B5 /* PolishTests.swift */ = {isa = PBXFileReference; lastKnownFileType = sourcecode.swift; path = PolishTests.swift; sourceTree = "<group>"; };
		B928337494F2C80D8ACB126C /* SessionCreateSheet.swift */ = {isa = PBXFileReference; lastKnownFileType = sourcecode.swift; path = SessionCreateSheet.swift; sourceTree = "<group>"; };
		BA460F4E709501AE6C65D08A /* ChatOverflowSheet.swift */ = {isa = PBXFileReference; lastKnownFileType = sourcecode.swift; path = ChatOverflowSheet.swift; sourceTree = "<group>"; };
		BEBD86C54D5730F24D2E956E /* PlanDerivationTests.swift */ = {isa = PBXFileReference; lastKnownFileType = sourcecode.swift; path = PlanDerivationTests.swift; sourceTree = "<group>"; };
		C25DFE9E1AD1E939DBF7101D /* ChatTranscriptTests.swift */ = {isa = PBXFileReference; lastKnownFileType = sourcecode.swift; path = ChatTranscriptTests.swift; sourceTree = "<group>"; };
		C42691C89906181C99929354 /* ComposerView.swift */ = {isa = PBXFileReference; lastKnownFileType = sourcecode.swift; path = ComposerView.swift; sourceTree = "<group>"; };
		C7F564F718747579264A4370 /* MantaUITests.xctest */ = {isa = PBXFileReference; includeInIndex = 0; lastKnownFileType = wrapper.cfbundle; path = MantaUITests.xctest; sourceTree = BUILT_PRODUCTS_DIR; };
		CAD176AE6BC2E7A6024A5761 /* GoogleService-Info.plist */ = {isa = PBXFileReference; lastKnownFileType = text.plist; path = "GoogleService-Info.plist"; sourceTree = "<group>"; };
		CAFF319B4F3CD4F13A20A1EB /* UsageStore.swift */ = {isa = PBXFileReference; lastKnownFileType = sourcecode.swift; path = UsageStore.swift; sourceTree = "<group>"; };
		CB8CF49BD3EB907D9822946F /* ArtifactDerivationTests.swift */ = {isa = PBXFileReference; lastKnownFileType = sourcecode.swift; path = ArtifactDerivationTests.swift; sourceTree = "<group>"; };
		D06ECCB6D27DBD73D1FF3189 /* SessionListView.swift */ = {isa = PBXFileReference; lastKnownFileType = sourcecode.swift; path = SessionListView.swift; sourceTree = "<group>"; };
		D178D08102AB83BF93B82D16 /* SessionResourceCards.swift */ = {isa = PBXFileReference; lastKnownFileType = sourcecode.swift; path = SessionResourceCards.swift; sourceTree = "<group>"; };
		D687A8F5AD2BEEAC0D728C3C /* UsageMetersTests.swift */ = {isa = PBXFileReference; lastKnownFileType = sourcecode.swift; path = UsageMetersTests.swift; sourceTree = "<group>"; };
		DA2C52DC49C55784D6EF2B65 /* TerminalModelsTests.swift */ = {isa = PBXFileReference; lastKnownFileType = sourcecode.swift; path = TerminalModelsTests.swift; sourceTree = "<group>"; };
		DAD2C923C52DE07EB54AB821 /* ToolOutputPreviewTests.swift */ = {isa = PBXFileReference; lastKnownFileType = sourcecode.swift; path = ToolOutputPreviewTests.swift; sourceTree = "<group>"; };
		DC240598BDE45C3D43B46191 /* MantaUI.entitlements */ = {isa = PBXFileReference; lastKnownFileType = text.plist.entitlements; path = MantaUI.entitlements; sourceTree = "<group>"; };
		DD646A4951E292E750890CCB /* MantaAppRoot.swift */ = {isa = PBXFileReference; lastKnownFileType = sourcecode.swift; path = MantaAppRoot.swift; sourceTree = "<group>"; };
		DF38AC221EA0109EB55EFF76 /* PendingPromptStoreTests.swift */ = {isa = PBXFileReference; lastKnownFileType = sourcecode.swift; path = PendingPromptStoreTests.swift; sourceTree = "<group>"; };
		E0733CF7BEEE1C7B517C4010 /* ChatLoadingSkeleton.swift */ = {isa = PBXFileReference; lastKnownFileType = sourcecode.swift; path = ChatLoadingSkeleton.swift; sourceTree = "<group>"; };
		E246039C1A3AA38065BE89B0 /* ChatJSON.swift */ = {isa = PBXFileReference; lastKnownFileType = sourcecode.swift; path = ChatJSON.swift; sourceTree = "<group>"; };
		E4A5AE775D3F3D82FC69A54F /* VoiceGestureTests.swift */ = {isa = PBXFileReference; lastKnownFileType = sourcecode.swift; path = VoiceGestureTests.swift; sourceTree = "<group>"; };
		E4FA4CCB9740565057F26D31 /* MantaLiveArtifactsUITests.swift */ = {isa = PBXFileReference; lastKnownFileType = sourcecode.swift; path = MantaLiveArtifactsUITests.swift; sourceTree = "<group>"; };
		EAA20AACFCE7D2BA897AE130 /* VoiceNotePlayer.swift */ = {isa = PBXFileReference; lastKnownFileType = sourcecode.swift; path = VoiceNotePlayer.swift; sourceTree = "<group>"; };
		EBC7D0BF807861DCCABC5A26 /* MantaResourceCardModelsTests.swift */ = {isa = PBXFileReference; lastKnownFileType = sourcecode.swift; path = MantaResourceCardModelsTests.swift; sourceTree = "<group>"; };
		ED6ABAA46F1CBD2093D4AC87 /* ComposerTypeahead.swift */ = {isa = PBXFileReference; lastKnownFileType = sourcecode.swift; path = ComposerTypeahead.swift; sourceTree = "<group>"; };
		EE0504A23AC9360042B3D51B /* ChatStreamMergeTests.swift */ = {isa = PBXFileReference; lastKnownFileType = sourcecode.swift; path = ChatStreamMergeTests.swift; sourceTree = "<group>"; };
		EF45305B46745A80925FC1A4 /* MantaEventStreamTests.swift */ = {isa = PBXFileReference; lastKnownFileType = sourcecode.swift; path = MantaEventStreamTests.swift; sourceTree = "<group>"; };
		F23DFA2A87BE93D8DF5472DF /* ChatModelPrefs.swift */ = {isa = PBXFileReference; lastKnownFileType = sourcecode.swift; path = ChatModelPrefs.swift; sourceTree = "<group>"; };
		F88D3B9B782BF819EEBEBF1D /* TerminalSocket.swift */ = {isa = PBXFileReference; lastKnownFileType = sourcecode.swift; path = TerminalSocket.swift; sourceTree = "<group>"; };
/* End PBXFileReference section */

/* Begin PBXFrameworksBuildPhase section */
		FE7897AAE09BBE5E78CDE9BD /* Frameworks */ = {
			isa = PBXFrameworksBuildPhase;
			buildActionMask = 2147483647;
			files = (
				DB494E7C3511EA8E1D01F8B1 /* FirebaseCrashlytics in Frameworks */,
				B46B35ED65EDB8F13002F091 /* MessagingUI in Frameworks */,
				BFC5BB268D33C67CB9C66A9E /* MarkdownView in Frameworks */,
			);
			runOnlyForDeploymentPostprocessing = 0;
		};
/* End PBXFrameworksBuildPhase section */

/* Begin PBXGroup section */
		0141B3CF9BBB5EB026BDA8C5 /* Products */ = {
			isa = PBXGroup;
			children = (
				35ECC10E3DB9A931F8EB5420 /* MantaUI.app */,
				C7F564F718747579264A4370 /* MantaUITests.xctest */,
				2C13A01F9048A8907CBCC31D /* MantaUIUITests.xctest */,
			);
			name = Products;
			sourceTree = "<group>";
		};
		50A0ACE5FA8F3A848B41986E /* MantaUI */ = {
			isa = PBXGroup;
			children = (
				B72EDCFA9E8A4AE9662EC299 /* generated */,
			);
			name = MantaUI;
			path = ../..;
			sourceTree = "<group>";
		};
		6C581AFB55001DF333A22728 /* Resources */ = {
			isa = PBXGroup;
			children = (
				0C1EE3F998CADE8487D2555E /* terminal */,
				DD53D221698B744BC41239BC /* logo */,
			);
			path = Resources;
			sourceTree = "<group>";
		};
		7168FDC00E99AA075ACA9698 /* MantaUITests */ = {
			isa = PBXGroup;
			children = (
				CB8CF49BD3EB907D9822946F /* ArtifactDerivationTests.swift */,
				5AE55697AC4EC2304E05D8A1 /* BranchLabelTests.swift */,
				EE0504A23AC9360042B3D51B /* ChatStreamMergeTests.swift */,
				C25DFE9E1AD1E939DBF7101D /* ChatTranscriptTests.swift */,
				2FBF552FE7478A5E46C1FDFF /* ComposerHistoryTests.swift */,
				938AB4A14437119280E1B53A /* ComposerTests.swift */,
				7E94945B8AA543436D5A6202 /* ComposerTypeaheadTests.swift */,
				39B5E0C86E9FA4A10239DBFA /* DeprecatedModelOptInsTests.swift */,
				9CA2F9C1585492985A5D82ED /* MantaActionRPCWireTests.swift */,
				989AB507C4722A4CF012C3B8 /* MantaAuthClientTests.swift */,
				EF45305B46745A80925FC1A4 /* MantaEventStreamTests.swift */,
				ABB2884AC2B1D0FE1E0DA8EB /* MantaPairingTests.swift */,
				EBC7D0BF807861DCCABC5A26 /* MantaResourceCardModelsTests.swift */,
				57FFB984A951D5C7BD8D02F9 /* MantaSettingsTests.swift */,
				9BF85CE7BB8B25AABF039BC5 /* MantaTransportTests.swift */,
				1F2DD310976F1DDDA947FDA1 /* MantaUITests.entitlements */,
				38864A574D6CE5142E07B487 /* ModelRecentsTests.swift */,
				DF38AC221EA0109EB55EFF76 /* PendingPromptStoreTests.swift */,
				BEBD86C54D5730F24D2E956E /* PlanDerivationTests.swift */,
				B82B782F73475FDD71F6D6B5 /* PolishTests.swift */,
				9803742B79E4302F8813EFCC /* SessionModelsTests.swift */,
				DA2C52DC49C55784D6EF2B65 /* TerminalModelsTests.swift */,
				DAD2C923C52DE07EB54AB821 /* ToolOutputPreviewTests.swift */,
				D687A8F5AD2BEEAC0D728C3C /* UsageMetersTests.swift */,
				E4A5AE775D3F3D82FC69A54F /* VoiceGestureTests.swift */,
				AE01D00B6A031E239CC12EAD /* VoiceNoteTests.swift */,
				AEF7554D798247FECA6BFF84 /* WaveformTests.swift */,
			);
			path = MantaUITests;
			sourceTree = "<group>";
		};
		855545FE3D464DDBA2B48C48 = {
			isa = PBXGroup;
			children = (
				D7128F5AAFA315FE875EEC98 /* MantaUI */,
				50A0ACE5FA8F3A848B41986E /* MantaUI */,
				7168FDC00E99AA075ACA9698 /* MantaUITests */,
				DF70760D7D88A6A31A5243DA /* MantaUIUITests */,
				0141B3CF9BBB5EB026BDA8C5 /* Products */,
			);
			sourceTree = "<group>";
		};
		A2F2688921C397D0D4B331A3 /* swift */ = {
			isa = PBXGroup;
			children = (
				988B5D51F20F0D3BC838E083 /* SettingsSchema.swift */,
				799EED7CC4F10C6684A5662C /* Theme.swift */,
			);
			path = swift;
			sourceTree = "<group>";
		};
		B72EDCFA9E8A4AE9662EC299 /* generated */ = {
			isa = PBXGroup;
			children = (
				A2F2688921C397D0D4B331A3 /* swift */,
			);
			path = generated;
			sourceTree = "<group>";
		};
		D7128F5AAFA315FE875EEC98 /* MantaUI */ = {
			isa = PBXGroup;
			children = (
				15E5DB4B26254A37A3075BD2 /* ArtifactDerivation.swift */,
				82EEBB3B72D8F63CF4D8CB7B /* Assets.xcassets */,
				E246039C1A3AA38065BE89B0 /* ChatJSON.swift */,
				E0733CF7BEEE1C7B517C4010 /* ChatLoadingSkeleton.swift */,
				229392FD3405558D301D0809 /* ChatModel.swift */,
				4098461F579869804595B0A3 /* ChatModelCatalog.swift */,
				F23DFA2A87BE93D8DF5472DF /* ChatModelPrefs.swift */,
				4F7631E09B6FF7B150392A83 /* ChatModels.swift */,
				8A6472C0BC3BDACAC4559198 /* ChatModelStore.swift */,
				4603364B1845FF6C330EB601 /* ChatOverflowCaptureScene.swift */,
				BA460F4E709501AE6C65D08A /* ChatOverflowSheet.swift */,
				436675A65BF149932C1EADE0 /* ChatScreen.swift */,
				471BF240012879FDED5689C1 /* ChatSessionStore.swift */,
				0451BC1AF50CB3A8D80344A5 /* ChatVoice.swift */,
				364047190C5DF33F9134BDFF /* ComposerHistory.swift */,
				ED6ABAA46F1CBD2093D4AC87 /* ComposerTypeahead.swift */,
				C42691C89906181C99929354 /* ComposerView.swift */,
				6169B72F37CC138729DDD22E /* DeprecatedModelOptIns.swift */,
				5D71EC917661085ED10E0867 /* FolderPickerView.swift */,
				CAD176AE6BC2E7A6024A5761 /* GoogleService-Info.plist */,
				5C02DA420B52094269A88E80 /* Info.plist */,
				6E08743A649A206BA91EDD67 /* KeychainCredentialStore.swift */,
				17D174288A1A6C72E64B9079 /* MantaAPIClient.swift */,
				25870866D56CCE59805BCC0E /* MantaAppDelegate.swift */,
				DD646A4951E292E750890CCB /* MantaAppRoot.swift */,
				2F29E8693B4AA4191CF9C556 /* MantaAuthClient.swift */,
				8879A94FE1BE824F438342AD /* MantaDeepLink.swift */,
				0FCC705A51D162CE3E7E3B00 /* MantaDynamicType.swift */,
				A11BB42810D0F3D3ADD9B557 /* MantaError.swift */,
				1E1306D325FEB295B7AB874E /* MantaEventStore.swift */,
				872DDE9D9BAD041950DAC24A /* MantaLoader.swift */,
				8C8240F1954861B4846E279D /* MantaModels.swift */,
				4B1B39AEF93CAAB814A6DBD7 /* MantaOnboarding.swift */,
				3531B9EF3162D19FB6C30756 /* MantaPairingModels.swift */,
				5B4D07F9EBDCD8A693C141FF /* MantaQRScanner.swift */,
				772D1B80A35F4493F828ACC2 /* MantaReconnectController.swift */,
				39978655A14BFA5D39336286 /* MantaSettingsModels.swift */,
				ABF1AB00CC95EA99A4EF537B /* MantaSettingsStore.swift */,
				7F45372304FA61F99907B0A3 /* MantaStreamModels.swift */,
				DC240598BDE45C3D43B46191 /* MantaUI.entitlements */,
				87CBDB00B3F0D138CB44A326 /* MantaUIApp.swift */,
				A2C97C92B5E1ADA62F799D73 /* ModelPickerSheet.swift */,
				9DD6CA51FD8B7CE80314E0CD /* ModelRecents.swift */,
				4EA1F1EEE75DBB6A786FEE4F /* NativeActionSheet.swift */,
				39FCF0EB1ADCD186680EB69C /* PendingPrompt.swift */,
				7190EEBC7A7233EE21FE264A /* PlanDerivation.swift */,
				A4E84DF65831DE58599C53BD /* RootView.swift */,
				6BA4ADBB2FD5BAC7940D5B69 /* RunningIndicator.swift */,
				0C440016971186430E8C464B /* Scrim.swift */,
				B928337494F2C80D8ACB126C /* SessionCreateSheet.swift */,
				24994B33B60EB6C4C6EF4178 /* SessionListStore.swift */,
				D06ECCB6D27DBD73D1FF3189 /* SessionListView.swift */,
				28250B8DDAB996449F7AE3AD /* SessionModels.swift */,
				D178D08102AB83BF93B82D16 /* SessionResourceCards.swift */,
				A1E78B0F5B521937B40937DC /* SettingsScreen.swift */,
				7D7BC8920829E8847057C8DA /* TerminalKeyRow.swift */,
				2C3C09F5D2FEAE01B1C9CF1E /* TerminalModels.swift */,
				942605E2D67D55C6DCCE83AC /* TerminalScreen.swift */,
				81FE763828641B50BF496F4D /* TerminalSessionState.swift */,
				F88D3B9B782BF819EEBEBF1D /* TerminalSocket.swift */,
				6BDC7F6FA94631DA4C55A948 /* TerminalWebView.swift */,
				A26BEC5EF47268C8B29239F0 /* TranscriptComponents.swift */,
				74A048582549409FE0949053 /* TranscriptRow.swift */,
				1A81D1BB24FB02E4DFFA04FE /* UsageMeters.swift */,
				7582E08CBBDCE70E242A6B18 /* UsageSheets.swift */,
				CAFF319B4F3CD4F13A20A1EB /* UsageStore.swift */,
				6717B2E85100A1BCAC163A31 /* VoiceGesture.swift */,
				1ED9F61E845DE68677AFEFF2 /* VoiceNote.swift */,
				EAA20AACFCE7D2BA897AE130 /* VoiceNotePlayer.swift */,
				4B4BD7922C8909E3A3961957 /* VoiceRecorder.swift */,
				9F06F838B4779D52B29E1173 /* VoiceRecordingSurface.swift */,
				8D7B1F4E5EF7E0ADD2238839 /* Waveform.swift */,
				6C581AFB55001DF333A22728 /* Resources */,
			);
			path = MantaUI;
			sourceTree = "<group>";
		};
		DD53D221698B744BC41239BC /* logo */ = {
			isa = PBXGroup;
			children = (
				B230F69A60CD3DBC416612B0 /* manta-logo.png */,
			);
			path = logo;
			sourceTree = "<group>";
		};
		DF70760D7D88A6A31A5243DA /* MantaUIUITests */ = {
			isa = PBXGroup;
			children = (
				570E190164DB3AB83DC14283 /* MantaChatSurfaceCaptureUITests.swift */,
				1BBC0EC48A556426D44A1A42 /* MantaContextStripVerifyUITests.swift */,
				2B7A1F140660F9AC7AF07E00 /* MantaDeepLinkUITests.swift */,
				E4FA4CCB9740565057F26D31 /* MantaLiveArtifactsUITests.swift */,
				6E1D5B31C8FB29B23AB2A577 /* MantaLiveChatClearCaptureUITests.swift */,
				36E99A4154D594C6A36FB890 /* MantaLiveTypeaheadSlashUITests.swift */,
				681F342360878481A0D8364F /* MantaOverflowCaptureUITests.swift */,
				8D8A1A5388E54F31462D616F /* MantaPairFixture.swift */,
				AD55034506C4DF218AD7300E /* MantaPairingDriverUITests.swift */,
				17673950838B843917DA660F /* MantaRunningStateCaptureUITests.swift */,
				12A39FBE813A8B20F7F00055 /* MantaSubagentDrillInUITests.swift */,
				7442EBB8ACC827C69BDD2B6E /* MantaTranscriptGestureUITests.swift */,
				714E922397017504533FC4EE /* MantaUIHierarchyCaptureUITests.swift */,
				5EF0199856D7E4C0B0D2595C /* MantaUIOverflowCaptureUITests.swift */,
				59B1B02BB0060065B306394F /* MantaVoiceRecordingUITests.swift */,
			);
			path = MantaUIUITests;
			sourceTree = "<group>";
		};
/* End PBXGroup section */

/* Begin PBXNativeTarget section */
		0A2210EB32D156B1FB712083 /* MantaUIUITests */ = {
			isa = PBXNativeTarget;
			buildConfigurationList = DC932F22BD30025150B13A2C /* Build configuration list for PBXNativeTarget "MantaUIUITests" */;
			buildPhases = (
				4724733D1545274205A1D812 /* Sources */,
			);
			buildRules = (
			);
			dependencies = (
				19FA46D00CE3D8123D4EBB52 /* PBXTargetDependency */,
			);
			name = MantaUIUITests;
			packageProductDependencies = (
			);
			productName = MantaUIUITests;
			productReference = 2C13A01F9048A8907CBCC31D /* MantaUIUITests.xctest */;
			productType = "com.apple.product-type.bundle.ui-testing";
		};
		27F9832827A761BC0E5BCE51 /* MantaUI */ = {
			isa = PBXNativeTarget;
			buildConfigurationList = 2849616DFC1A158C2EC07212 /* Build configuration list for PBXNativeTarget "MantaUI" */;
			buildPhases = (
				85AE13C7C7852F37B78D84D2 /* Sources */,
				A5BEBE3258625CF97C8CED67 /* Resources */,
				FE7897AAE09BBE5E78CDE9BD /* Frameworks */,
				7CE59D491F57F59EF7115E3D /* Crashlytics dSYM upload */,
			);
			buildRules = (
			);
			dependencies = (
			);
			name = MantaUI;
			packageProductDependencies = (
				3064D265FAB7F52B42389A28 /* FirebaseCrashlytics */,
				2B48EABB4EC8AF086CA5C6AB /* MessagingUI */,
				F69CF621A0341F78A09CFF85 /* MarkdownView */,
			);
			productName = MantaUI;
			productReference = 35ECC10E3DB9A931F8EB5420 /* MantaUI.app */;
			productType = "com.apple.product-type.application";
		};
		4ECEFC7C72A2BCE14E074398 /* MantaUITests */ = {
			isa = PBXNativeTarget;
			buildConfigurationList = B2E18CFAC6862CEACD18F7D2 /* Build configuration list for PBXNativeTarget "MantaUITests" */;
			buildPhases = (
				7D494B7A9C066190FA5152CE /* Sources */,
			);
			buildRules = (
			);
			dependencies = (
				B7AC66CE5A455E88F25175AE /* PBXTargetDependency */,
			);
			name = MantaUITests;
			packageProductDependencies = (
			);
			productName = MantaUITests;
			productReference = C7F564F718747579264A4370 /* MantaUITests.xctest */;
			productType = "com.apple.product-type.bundle.unit-test";
		};
/* End PBXNativeTarget section */

/* Begin PBXProject section */
		747EF81B08A2EE0658BCE94C /* Project object */ = {
			isa = PBXProject;
			attributes = {
				BuildIndependentTargetsInParallel = YES;
				LastUpgradeCheck = 1430;
				TargetAttributes = {
					0A2210EB32D156B1FB712083 = {
						ProvisioningStyle = Automatic;
						TestTargetID = 27F9832827A761BC0E5BCE51;
					};
					27F9832827A761BC0E5BCE51 = {
						ProvisioningStyle = Automatic;
					};
					4ECEFC7C72A2BCE14E074398 = {
						ProvisioningStyle = Automatic;
					};
				};
			};
			buildConfigurationList = 6945EF25C57025CCDAF0BFBA /* Build configuration list for PBXProject "MantaUI" */;
			developmentRegion = en;
			hasScannedForEncodings = 0;
			knownRegions = (
				Base,
				en,
			);
			mainGroup = 855545FE3D464DDBA2B48C48;
			minimizedProjectReferenceProxies = 1;
			packageReferences = (
				B9D086ECD156777ED11A795D /* XCRemoteSwiftPackageReference "firebase-ios-sdk" */,
				B8F506AA56F1A90C2F5F7E32 /* XCRemoteSwiftPackageReference "MarkdownView" */,
				E05AB3E0DD965872E0023A07 /* XCRemoteSwiftPackageReference "swiftui-messaging-ui" */,
			);
			preferredProjectObjectVersion = 77;
			productRefGroup = 0141B3CF9BBB5EB026BDA8C5 /* Products */;
			projectDirPath = "";
			projectRoot = "";
			targets = (
				27F9832827A761BC0E5BCE51 /* MantaUI */,
				4ECEFC7C72A2BCE14E074398 /* MantaUITests */,
				0A2210EB32D156B1FB712083 /* MantaUIUITests */,
			);
		};
/* End PBXProject section */

/* Begin PBXResourcesBuildPhase section */
		A5BEBE3258625CF97C8CED67 /* Resources */ = {
			isa = PBXResourcesBuildPhase;
			buildActionMask = 2147483647;
			files = (
				FF511A296958C8376966852F /* Assets.xcassets in Resources */,
				9C027B884D963083B775876C /* GoogleService-Info.plist in Resources */,
				2727E78CDA096DC415008244 /* manta-logo.png in Resources */,
				8C965541FA4ABDFB2A2A319E /* terminal in Resources */,
			);
			runOnlyForDeploymentPostprocessing = 0;
		};
/* End PBXResourcesBuildPhase section */

/* Begin PBXShellScriptBuildPhase section */
		7CE59D491F57F59EF7115E3D /* Crashlytics dSYM upload */ = {
			isa = PBXShellScriptBuildPhase;
			buildActionMask = 2147483647;
			files = (
			);
			inputFileListPaths = (
			);
			inputPaths = (
				"${DWARF_DSYM_FOLDER_PATH}/${DWARF_DSYM_FILE_NAME}",
				"${DWARF_DSYM_FOLDER_PATH}/${DWARF_DSYM_FILE_NAME}/Contents/Resources/DWARF/${PRODUCT_NAME}",
				"${DWARF_DSYM_FOLDER_PATH}/${DWARF_DSYM_FILE_NAME}/Contents/Resources/DWARF/${PRODUCT_NAME}.debug.dylib",
				"${DWARF_DSYM_FOLDER_PATH}/${DWARF_DSYM_FILE_NAME}/Contents/Info.plist",
				"$(TARGET_BUILD_DIR)/$(UNLOCALIZED_RESOURCES_FOLDER_PATH)/GoogleService-Info.plist",
				"$(TARGET_BUILD_DIR)/$(EXECUTABLE_PATH)",
			);
			name = "Crashlytics dSYM upload";
			outputFileListPaths = (
			);
			outputPaths = (
			);
			runOnlyForDeploymentPostprocessing = 0;
			shellPath = /bin/sh;
			shellScript = "UPLOAD=\"${BUILD_DIR%/Build/*}/SourcePackages/checkouts/firebase-ios-sdk/Crashlytics/upload-symbols\"\nDSYM=\"${DWARF_DSYM_FOLDER_PATH}/${DWARF_DSYM_FILE_NAME}\"\nGSP=\"${TARGET_BUILD_DIR}/${UNLOCALIZED_RESOURCES_FOLDER_PATH}/GoogleService-Info.plist\"\nif [ ! -x \"$UPLOAD\" ]; then\n  echo \"warning: Crashlytics upload-symbols not found at $UPLOAD — crashes will not symbolicate\"\nelif [ ! -d \"$DSYM\" ]; then\n  echo \"warning: Crashlytics found no dSYM at $DSYM (is DEBUG_INFORMATION_FORMAT dwarf-with-dsym?)\"\nelif [ ! -f \"$GSP\" ]; then\n  echo \"warning: Crashlytics found no GoogleService-Info.plist at $GSP\"\nelse\n  echo \"Crashlytics: uploading $DSYM\"\n  \"$UPLOAD\" -gsp \"$GSP\" -p ios \"$DSYM\" || echo \"warning: Crashlytics symbol upload failed (non-fatal)\"\nfi\n";
		};
/* End PBXShellScriptBuildPhase section */

/* Begin PBXSourcesBuildPhase section */
		4724733D1545274205A1D812 /* Sources */ = {
			isa = PBXSourcesBuildPhase;
			buildActionMask = 2147483647;
			files = (
				1A55CBC343898856735AF0F8 /* MantaChatSurfaceCaptureUITests.swift in Sources */,
				E37BCF5DE477D4CAAC0ACCD8 /* MantaContextStripVerifyUITests.swift in Sources */,
				ED03A3C1AAFA1094A92A9ECA /* MantaDeepLinkUITests.swift in Sources */,
				AF7832C75B545CF27B10EB13 /* MantaLiveArtifactsUITests.swift in Sources */,
				B97905DC3BE32E36E682EF0C /* MantaLiveChatClearCaptureUITests.swift in Sources */,
				359C5AA931BE4D7F69B48604 /* MantaLiveTypeaheadSlashUITests.swift in Sources */,
				C2C89BEF7843F4F3460A926F /* MantaOverflowCaptureUITests.swift in Sources */,
				EDFF1716E461980191B71C85 /* MantaPairFixture.swift in Sources */,
				D8B312D02500D61F791EF275 /* MantaPairingDriverUITests.swift in Sources */,
				51F9E82B1001E68644519724 /* MantaRunningStateCaptureUITests.swift in Sources */,
				DE5E17651AB0E9C750C4D712 /* MantaSubagentDrillInUITests.swift in Sources */,
				6AA12AFE81F85477EBFB3D25 /* MantaTranscriptGestureUITests.swift in Sources */,
				4DFA9582998C586AAC579F31 /* MantaUIHierarchyCaptureUITests.swift in Sources */,
				ECB0360A8A26279B6EEF955F /* MantaUIOverflowCaptureUITests.swift in Sources */,
				708332CA7D72971C6626C9FC /* MantaVoiceRecordingUITests.swift in Sources */,
			);
			runOnlyForDeploymentPostprocessing = 0;
		};
		7D494B7A9C066190FA5152CE /* Sources */ = {
			isa = PBXSourcesBuildPhase;
			buildActionMask = 2147483647;
			files = (
				4D3E99FA9CB1B101114D7A2A /* ArtifactDerivationTests.swift in Sources */,
				E84EC5ADFC08C40B413BE9F3 /* BranchLabelTests.swift in Sources */,
				3CE79341ACF08E7F836522FD /* ChatStreamMergeTests.swift in Sources */,
				650862947C7F0D6C393C94BB /* ChatTranscriptTests.swift in Sources */,
				C873DB69BB5BC6966B945F38 /* ComposerHistoryTests.swift in Sources */,
				96F128D3EBC0D1432F603FDB /* ComposerTests.swift in Sources */,
				9203A22473582BAD597CFABC /* ComposerTypeaheadTests.swift in Sources */,
				ABA727BCDA6229EC5FC4C87B /* DeprecatedModelOptInsTests.swift in Sources */,
				5A03FC0627C87718E260CC02 /* MantaActionRPCWireTests.swift in Sources */,
				0129D15936E52427A46702E7 /* MantaAuthClientTests.swift in Sources */,
				9BF6855A825F539665FF1563 /* MantaEventStreamTests.swift in Sources */,
				685261838F0EFABC1AB8B6B1 /* MantaPairingTests.swift in Sources */,
				7C41CAE9FE6D1E06DEC10142 /* MantaResourceCardModelsTests.swift in Sources */,
				8A6656EBBD6AEC1B5CE7D0D6 /* MantaSettingsTests.swift in Sources */,
				B5B62843F8D5814E0E5CEA40 /* MantaTransportTests.swift in Sources */,
				CFE1B93882BD2EAF2A8B80BB /* ModelRecentsTests.swift in Sources */,
				7967215C9DD0A4EC1C08AC58 /* PendingPromptStoreTests.swift in Sources */,
				E631BDFC8B6DF9D3E602DE22 /* PlanDerivationTests.swift in Sources */,
				E8B921F11FB02F147C910B32 /* PolishTests.swift in Sources */,
				E013C537E1082259B979DF35 /* SessionModelsTests.swift in Sources */,
				C414F36E83344076CE4F1ACD /* TerminalModelsTests.swift in Sources */,
				058E2179669599C216446E7C /* ToolOutputPreviewTests.swift in Sources */,
				97CCE1CDDEF2E81BF57B52D1 /* UsageMetersTests.swift in Sources */,
				B7D2A1C0F9EC29C5B0002C8F /* VoiceGestureTests.swift in Sources */,
				49F13D74AD1B942D3313970B /* VoiceNoteTests.swift in Sources */,
				12070C130BD9D1CD9EA0603F /* WaveformTests.swift in Sources */,
			);
			runOnlyForDeploymentPostprocessing = 0;
		};
		85AE13C7C7852F37B78D84D2 /* Sources */ = {
			isa = PBXSourcesBuildPhase;
			buildActionMask = 2147483647;
			files = (
				B0D305420CA78C35FFD1E617 /* ArtifactDerivation.swift in Sources */,
				12C1D08D7311357D1872FA18 /* ChatJSON.swift in Sources */,
				959894A87F301CC717772BD3 /* ChatLoadingSkeleton.swift in Sources */,
				D776E336456236DC1493565F /* ChatModel.swift in Sources */,
				E394FF8B718A3D7871EC749C /* ChatModelCatalog.swift in Sources */,
				68E78394110C12145674525B /* ChatModelPrefs.swift in Sources */,
				CC6A77686B936B4DB6026466 /* ChatModelStore.swift in Sources */,
				6A720AF41BDA6F4FC40A5585 /* ChatModels.swift in Sources */,
				9E9F0CED519AB1DF30516047 /* ChatOverflowCaptureScene.swift in Sources */,
				EE22C75492152C8594275C5C /* ChatOverflowSheet.swift in Sources */,
				E12FC0E7284E2760AD3A6C4C /* ChatScreen.swift in Sources */,
				8F61F901888B9FE16EA093B0 /* ChatSessionStore.swift in Sources */,
				C96C7F34F91F06214FD25523 /* ChatVoice.swift in Sources */,
				D00F9D46F24F42E011EF8587 /* ComposerHistory.swift in Sources */,
				8C67D893A425A3B5495CB882 /* ComposerTypeahead.swift in Sources */,
				D9266F363BEB86F687C320FC /* ComposerView.swift in Sources */,
				1888AC1DE5A98EFBE6DDEA51 /* DeprecatedModelOptIns.swift in Sources */,
				95A9EDE98E7304030E438CEF /* FolderPickerView.swift in Sources */,
				67A2877890E8B008335AD7C0 /* KeychainCredentialStore.swift in Sources */,
				612658EEF8599BDB18369375 /* MantaAPIClient.swift in Sources */,
				3F3FF5F6BE28352901513A14 /* MantaAppDelegate.swift in Sources */,
				3A14CB75D91300937752389C /* MantaAppRoot.swift in Sources */,
				863035B4DE4C873A0BD9D0F5 /* MantaAuthClient.swift in Sources */,
				F84BE156312997C53C3314AF /* MantaDeepLink.swift in Sources */,
				9068396FC592D6010419D13D /* MantaDynamicType.swift in Sources */,
				EE3F3D2D85BC08D58A78A564 /* MantaError.swift in Sources */,
				33DC8035C0E87F9A3A7DA7DB /* MantaEventStore.swift in Sources */,
				74D756D48A7D2A5483170A8B /* MantaLoader.swift in Sources */,
				01871023D47544D64443194D /* MantaModels.swift in Sources */,
				6545C305B308C5D49D581CFC /* MantaOnboarding.swift in Sources */,
				3354E683F0CE92566A77C7D3 /* MantaPairingModels.swift in Sources */,
				D3E89E0419EE12C59BEA62A9 /* MantaQRScanner.swift in Sources */,
				EAA66561F9150E1E2D4FBA4A /* MantaReconnectController.swift in Sources */,
				1B9026B4F0286A5186FD5197 /* MantaSettingsModels.swift in Sources */,
				9055A7DECF435A0A430D6FAB /* MantaSettingsStore.swift in Sources */,
				5DED49382A895F0EB73EE951 /* MantaStreamModels.swift in Sources */,
				4FBB551A50B4DA5B955968DD /* MantaUIApp.swift in Sources */,
				754FEC92229B58783D516DC4 /* ModelPickerSheet.swift in Sources */,
				E128F0443F5F8B3AF051667A /* ModelRecents.swift in Sources */,
				2D0521ED1C9A66C89711D31F /* NativeActionSheet.swift in Sources */,
				60032A2E2E4DD0810F2C79FE /* PendingPrompt.swift in Sources */,
				868536356F9E71119E51F8B7 /* PlanDerivation.swift in Sources */,
				9CF891D747797006729FDBD3 /* RootView.swift in Sources */,
				F30211F79048035CE5520266 /* RunningIndicator.swift in Sources */,
				68760CC316BA947A82F360EE /* Scrim.swift in Sources */,
				239BD2739F1F96A11F033259 /* SessionCreateSheet.swift in Sources */,
				1F0E6031C0987AFF27CC3F47 /* SessionListStore.swift in Sources */,
				94493F871005DA7F4DA19ED7 /* SessionListView.swift in Sources */,
				7E8C2A70A3D5C0F949D79FF5 /* SessionModels.swift in Sources */,
				404DB0475FB78037D65B6734 /* SessionResourceCards.swift in Sources */,
				5F85B39269B52E1E816CBA1B /* SettingsSchema.swift in Sources */,
				5E0226E9FAFF3F9CA9F45F8F /* SettingsScreen.swift in Sources */,
				0488B71F794FC6E64CDC0B23 /* TerminalKeyRow.swift in Sources */,
				E0DE29696DA12A52BE7FCD0D /* TerminalModels.swift in Sources */,
				431A66604F73FFBD59781D92 /* TerminalScreen.swift in Sources */,
				261925E9ADC090271FED15DE /* TerminalSessionState.swift in Sources */,
				61062DC85A5139A0AB22BC24 /* TerminalSocket.swift in Sources */,
				61441105C65E4D7385DAF363 /* TerminalWebView.swift in Sources */,
				E096BAD9FD8E87E15481B646 /* Theme.swift in Sources */,
				95970E5B12500AFD427E23D9 /* TranscriptComponents.swift in Sources */,
				2F0CAA1B1DC211D065AC4761 /* TranscriptRow.swift in Sources */,
				0DA0C1C92C06A3BED780494E /* UsageMeters.swift in Sources */,
				37B7F5C28332A180E825982C /* UsageSheets.swift in Sources */,
				1E8A1AB9FB3945E6092CA2E2 /* UsageStore.swift in Sources */,
				578DA0FFC68283A72AF914E8 /* VoiceGesture.swift in Sources */,
				6115C3531A59C0517C8C214A /* VoiceNote.swift in Sources */,
				CE48AF05FEFD7446610C8B70 /* VoiceNotePlayer.swift in Sources */,
				98A26A0ABAFE54728AE97FEE /* VoiceRecorder.swift in Sources */,
				52C319CA847D3FECBC1297E2 /* VoiceRecordingSurface.swift in Sources */,
				75B97ECFE219AB9C7D45EDE3 /* Waveform.swift in Sources */,
			);
			runOnlyForDeploymentPostprocessing = 0;
		};
/* End PBXSourcesBuildPhase section */

/* Begin PBXTargetDependency section */
		19FA46D00CE3D8123D4EBB52 /* PBXTargetDependency */ = {
			isa = PBXTargetDependency;
			target = 27F9832827A761BC0E5BCE51 /* MantaUI */;
			targetProxy = 8810EC5DBFDD634E1F282BE7 /* PBXContainerItemProxy */;
		};
		B7AC66CE5A455E88F25175AE /* PBXTargetDependency */ = {
			isa = PBXTargetDependency;
			target = 27F9832827A761BC0E5BCE51 /* MantaUI */;
			targetProxy = 1CE0016C02E4DB509C179AEC /* PBXContainerItemProxy */;
		};
/* End PBXTargetDependency section */

/* Begin XCBuildConfiguration section */
		21F7A79EB6EBD3BA68543DF5 /* Debug */ = {
			isa = XCBuildConfiguration;
			buildSettings = {
				BUNDLE_LOADER = "$(TEST_HOST)";
				CODE_SIGN_ENTITLEMENTS = MantaUITests/MantaUITests.entitlements;
				CODE_SIGN_STYLE = Automatic;
				GENERATE_INFOPLIST_FILE = YES;
				IPHONEOS_DEPLOYMENT_TARGET = 26.0;
				LD_RUNPATH_SEARCH_PATHS = (
					"$(inherited)",
					"@executable_path/Frameworks",
					"@loader_path/Frameworks",
				);
				PRODUCT_BUNDLE_IDENTIFIER = com.antoinedc.mantaui.tests;
				SDKROOT = iphoneos;
				TARGETED_DEVICE_FAMILY = "1,2";
				TEST_HOST = "$(BUILT_PRODUCTS_DIR)/MantaUI.app/MantaUI";
			};
			name = Debug;
		};
		63A8F6B5A9D8C75C21C7BBC2 /* Debug */ = {
			isa = XCBuildConfiguration;
			buildSettings = {
				BUNDLE_LOADER = "$(TEST_HOST)";
				CODE_SIGN_STYLE = Automatic;
				GENERATE_INFOPLIST_FILE = YES;
				IPHONEOS_DEPLOYMENT_TARGET = 26.0;
				LD_RUNPATH_SEARCH_PATHS = (
					"$(inherited)",
					"@executable_path/Frameworks",
					"@loader_path/Frameworks",
				);
				PRODUCT_BUNDLE_IDENTIFIER = com.antoinedc.mantaui.uitests;
				SDKROOT = iphoneos;
				TARGETED_DEVICE_FAMILY = "1,2";
				TEST_TARGET_NAME = MantaUI;
			};
			name = Debug;
		};
		8857613A992CF5C51AF05CFD /* Debug */ = {
			isa = XCBuildConfiguration;
			buildSettings = {
				ASSETCATALOG_COMPILER_APPICON_NAME = AppIcon;
				CODE_SIGN_ENTITLEMENTS = MantaUI/MantaUI.entitlements;
				CODE_SIGN_IDENTITY = "iPhone Developer";
				CODE_SIGN_STYLE = Automatic;
				CURRENT_PROJECT_VERSION = 1;
				DEBUG_INFORMATION_FORMAT = "dwarf-with-dsym";
				GENERATE_INFOPLIST_FILE = YES;
				INFOPLIST_FILE = MantaUI/Info.plist;
				INFOPLIST_KEY_CFBundleDisplayName = MantaUI;
				INFOPLIST_KEY_NSMicrophoneUsageDescription = "MantaUI uses the microphone for dictation and to record voice notes in chat.";
				INFOPLIST_KEY_UIApplicationSceneManifest_Generation = YES;
				INFOPLIST_KEY_UIApplicationSupportsIndirectInputEvents = YES;
				INFOPLIST_KEY_UILaunchScreen_Generation = YES;
				INFOPLIST_KEY_UISupportedInterfaceOrientations = "UIInterfaceOrientationPortrait UIInterfaceOrientationLandscapeLeft UIInterfaceOrientationLandscapeRight";
				IPHONEOS_DEPLOYMENT_TARGET = 26.0;
				LD_RUNPATH_SEARCH_PATHS = (
					"$(inherited)",
					"@executable_path/Frameworks",
				);
				MARKETING_VERSION = 1.0.18;
				OTHER_LDFLAGS = "-ObjC";
				PRODUCT_BUNDLE_IDENTIFIER = com.antoinedc.mantaui;
				PRODUCT_NAME = MantaUI;
				SDKROOT = iphoneos;
				SWIFT_EMIT_LOC_STRINGS = YES;
				TARGETED_DEVICE_FAMILY = "1,2";
			};
			name = Debug;
		};
		9FF72AEF1528C0288306AE59 /* Release */ = {
			isa = XCBuildConfiguration;
			buildSettings = {
				ALWAYS_SEARCH_USER_PATHS = NO;
				CLANG_ANALYZER_NONNULL = YES;
				CLANG_ANALYZER_NUMBER_OBJECT_CONVERSION = YES_AGGRESSIVE;
				CLANG_CXX_LANGUAGE_STANDARD = "gnu++14";
				CLANG_CXX_LIBRARY = "libc++";
				CLANG_ENABLE_MODULES = YES;
				CLANG_ENABLE_OBJC_ARC = YES;
				CLANG_ENABLE_OBJC_WEAK = YES;
				CLANG_WARN_BLOCK_CAPTURE_AUTORELEASING = YES;
				CLANG_WARN_BOOL_CONVERSION = YES;
				CLANG_WARN_COMMA = YES;
				CLANG_WARN_CONSTANT_CONVERSION = YES;
				CLANG_WARN_DEPRECATED_OBJC_IMPLEMENTATIONS = YES;
				CLANG_WARN_DIRECT_OBJC_ISA_USAGE = YES_ERROR;
				CLANG_WARN_DOCUMENTATION_COMMENTS = YES;
				CLANG_WARN_EMPTY_BODY = YES;
				CLANG_WARN_ENUM_CONVERSION = YES;
				CLANG_WARN_INFINITE_RECURSION = YES;
				CLANG_WARN_INT_CONVERSION = YES;
				CLANG_WARN_NON_LITERAL_NULL_CONVERSION = YES;
				CLANG_WARN_OBJC_IMPLICIT_RETAIN_SELF = YES;
				CLANG_WARN_OBJC_LITERAL_CONVERSION = YES;
				CLANG_WARN_OBJC_ROOT_CLASS = YES_ERROR;
				CLANG_WARN_QUOTED_INCLUDE_IN_FRAMEWORK_HEADER = YES;
				CLANG_WARN_RANGE_LOOP_ANALYSIS = YES;
				CLANG_WARN_STRICT_PROTOTYPES = YES;
				CLANG_WARN_SUSPICIOUS_MOVE = YES;
				CLANG_WARN_UNGUARDED_AVAILABILITY = YES_AGGRESSIVE;
				CLANG_WARN_UNREACHABLE_CODE = YES;
				CLANG_WARN__DUPLICATE_METHOD_MATCH = YES;
				COPY_PHASE_STRIP = NO;
				DEBUG_INFORMATION_FORMAT = "dwarf-with-dsym";
				ENABLE_NS_ASSERTIONS = NO;
				ENABLE_STRICT_OBJC_MSGSEND = YES;
				GCC_C_LANGUAGE_STANDARD = gnu11;
				GCC_NO_COMMON_BLOCKS = YES;
				GCC_WARN_64_TO_32_BIT_CONVERSION = YES;
				GCC_WARN_ABOUT_RETURN_TYPE = YES_ERROR;
				GCC_WARN_UNDECLARED_SELECTOR = YES;
				GCC_WARN_UNINITIALIZED_AUTOS = YES_AGGRESSIVE;
				GCC_WARN_UNUSED_FUNCTION = YES;
				GCC_WARN_UNUSED_VARIABLE = YES;
				IPHONEOS_DEPLOYMENT_TARGET = 26.0;
				MTL_ENABLE_DEBUG_INFO = NO;
				MTL_FAST_MATH = YES;
				PRODUCT_NAME = "$(TARGET_NAME)";
				SDKROOT = iphoneos;
				SWIFT_COMPILATION_MODE = wholemodule;
				SWIFT_OPTIMIZATION_LEVEL = "-O";
				SWIFT_VERSION = 6.0;
			};
			name = Release;
		};
		C002E5BFFE962393F5EF7147 /* Release */ = {
			isa = XCBuildConfiguration;
			buildSettings = {
				BUNDLE_LOADER = "$(TEST_HOST)";
				CODE_SIGN_STYLE = Automatic;
				GENERATE_INFOPLIST_FILE = YES;
				IPHONEOS_DEPLOYMENT_TARGET = 26.0;
				LD_RUNPATH_SEARCH_PATHS = (
					"$(inherited)",
					"@executable_path/Frameworks",
					"@loader_path/Frameworks",
				);
				PRODUCT_BUNDLE_IDENTIFIER = com.antoinedc.mantaui.uitests;
				SDKROOT = iphoneos;
				TARGETED_DEVICE_FAMILY = "1,2";
				TEST_TARGET_NAME = MantaUI;
			};
			name = Release;
		};
		C751156F6F02EED867EF4EA2 /* Release */ = {
			isa = XCBuildConfiguration;
			buildSettings = {
				ASSETCATALOG_COMPILER_APPICON_NAME = AppIcon;
				CODE_SIGN_ENTITLEMENTS = MantaUI/MantaUI.entitlements;
				CODE_SIGN_IDENTITY = "iPhone Developer";
				CODE_SIGN_STYLE = Automatic;
				CURRENT_PROJECT_VERSION = 1;
				DEBUG_INFORMATION_FORMAT = "dwarf-with-dsym";
				GENERATE_INFOPLIST_FILE = YES;
				INFOPLIST_FILE = MantaUI/Info.plist;
				INFOPLIST_KEY_CFBundleDisplayName = MantaUI;
				INFOPLIST_KEY_NSMicrophoneUsageDescription = "MantaUI uses the microphone for dictation and to record voice notes in chat.";
				INFOPLIST_KEY_UIApplicationSceneManifest_Generation = YES;
				INFOPLIST_KEY_UIApplicationSupportsIndirectInputEvents = YES;
				INFOPLIST_KEY_UILaunchScreen_Generation = YES;
				INFOPLIST_KEY_UISupportedInterfaceOrientations = "UIInterfaceOrientationPortrait UIInterfaceOrientationLandscapeLeft UIInterfaceOrientationLandscapeRight";
				IPHONEOS_DEPLOYMENT_TARGET = 26.0;
				LD_RUNPATH_SEARCH_PATHS = (
					"$(inherited)",
					"@executable_path/Frameworks",
				);
				MARKETING_VERSION = 1.0.18;
				OTHER_LDFLAGS = "-ObjC";
				PRODUCT_BUNDLE_IDENTIFIER = com.antoinedc.mantaui;
				PRODUCT_NAME = MantaUI;
				SDKROOT = iphoneos;
				SWIFT_EMIT_LOC_STRINGS = YES;
				TARGETED_DEVICE_FAMILY = "1,2";
			};
			name = Release;
		};
		CC115D7AC52701EA267DC909 /* Release */ = {
			isa = XCBuildConfiguration;
			buildSettings = {
				BUNDLE_LOADER = "$(TEST_HOST)";
				CODE_SIGN_ENTITLEMENTS = MantaUITests/MantaUITests.entitlements;
				CODE_SIGN_STYLE = Automatic;
				GENERATE_INFOPLIST_FILE = YES;
				IPHONEOS_DEPLOYMENT_TARGET = 26.0;
				LD_RUNPATH_SEARCH_PATHS = (
					"$(inherited)",
					"@executable_path/Frameworks",
					"@loader_path/Frameworks",
				);
				PRODUCT_BUNDLE_IDENTIFIER = com.antoinedc.mantaui.tests;
				SDKROOT = iphoneos;
				TARGETED_DEVICE_FAMILY = "1,2";
				TEST_HOST = "$(BUILT_PRODUCTS_DIR)/MantaUI.app/MantaUI";
			};
			name = Release;
		};
		CD6610745679E80B8D16AE5F /* Debug */ = {
			isa = XCBuildConfiguration;
			buildSettings = {
				ALWAYS_SEARCH_USER_PATHS = NO;
				CLANG_ANALYZER_NONNULL = YES;
				CLANG_ANALYZER_NUMBER_OBJECT_CONVERSION = YES_AGGRESSIVE;
				CLANG_CXX_LANGUAGE_STANDARD = "gnu++14";
				CLANG_CXX_LIBRARY = "libc++";
				CLANG_ENABLE_MODULES = YES;
				CLANG_ENABLE_OBJC_ARC = YES;
				CLANG_ENABLE_OBJC_WEAK = YES;
				CLANG_WARN_BLOCK_CAPTURE_AUTORELEASING = YES;
				CLANG_WARN_BOOL_CONVERSION = YES;
				CLANG_WARN_COMMA = YES;
				CLANG_WARN_CONSTANT_CONVERSION = YES;
				CLANG_WARN_DEPRECATED_OBJC_IMPLEMENTATIONS = YES;
				CLANG_WARN_DIRECT_OBJC_ISA_USAGE = YES_ERROR;
				CLANG_WARN_DOCUMENTATION_COMMENTS = YES;
				CLANG_WARN_EMPTY_BODY = YES;
				CLANG_WARN_ENUM_CONVERSION = YES;
				CLANG_WARN_INFINITE_RECURSION = YES;
				CLANG_WARN_INT_CONVERSION = YES;
				CLANG_WARN_NON_LITERAL_NULL_CONVERSION = YES;
				CLANG_WARN_OBJC_IMPLICIT_RETAIN_SELF = YES;
				CLANG_WARN_OBJC_LITERAL_CONVERSION = YES;
				CLANG_WARN_OBJC_ROOT_CLASS = YES_ERROR;
				CLANG_WARN_QUOTED_INCLUDE_IN_FRAMEWORK_HEADER = YES;
				CLANG_WARN_RANGE_LOOP_ANALYSIS = YES;
				CLANG_WARN_STRICT_PROTOTYPES = YES;
				CLANG_WARN_SUSPICIOUS_MOVE = YES;
				CLANG_WARN_UNGUARDED_AVAILABILITY = YES_AGGRESSIVE;
				CLANG_WARN_UNREACHABLE_CODE = YES;
				CLANG_WARN__DUPLICATE_METHOD_MATCH = YES;
				COPY_PHASE_STRIP = NO;
				DEBUG_INFORMATION_FORMAT = dwarf;
				ENABLE_STRICT_OBJC_MSGSEND = YES;
				ENABLE_TESTABILITY = YES;
				GCC_C_LANGUAGE_STANDARD = gnu11;
				GCC_DYNAMIC_NO_PIC = NO;
				GCC_NO_COMMON_BLOCKS = YES;
				GCC_OPTIMIZATION_LEVEL = 0;
				GCC_PREPROCESSOR_DEFINITIONS = (
					"$(inherited)",
					"DEBUG=1",
				);
				GCC_WARN_64_TO_32_BIT_CONVERSION = YES;
				GCC_WARN_ABOUT_RETURN_TYPE = YES_ERROR;
				GCC_WARN_UNDECLARED_SELECTOR = YES;
				GCC_WARN_UNINITIALIZED_AUTOS = YES_AGGRESSIVE;
				GCC_WARN_UNUSED_FUNCTION = YES;
				GCC_WARN_UNUSED_VARIABLE = YES;
				IPHONEOS_DEPLOYMENT_TARGET = 26.0;
				MTL_ENABLE_DEBUG_INFO = INCLUDE_SOURCE;
				MTL_FAST_MATH = YES;
				ONLY_ACTIVE_ARCH = YES;
				PRODUCT_NAME = "$(TARGET_NAME)";
				SDKROOT = iphoneos;
				SWIFT_ACTIVE_COMPILATION_CONDITIONS = DEBUG;
				SWIFT_OPTIMIZATION_LEVEL = "-Onone";
				SWIFT_VERSION = 6.0;
			};
			name = Debug;
		};
/* End XCBuildConfiguration section */

/* Begin XCConfigurationList section */
		2849616DFC1A158C2EC07212 /* Build configuration list for PBXNativeTarget "MantaUI" */ = {
			isa = XCConfigurationList;
			buildConfigurations = (
				8857613A992CF5C51AF05CFD /* Debug */,
				C751156F6F02EED867EF4EA2 /* Release */,
			);
			defaultConfigurationIsVisible = 0;
			defaultConfigurationName = Debug;
		};
		6945EF25C57025CCDAF0BFBA /* Build configuration list for PBXProject "MantaUI" */ = {
			isa = XCConfigurationList;
			buildConfigurations = (
				CD6610745679E80B8D16AE5F /* Debug */,
				9FF72AEF1528C0288306AE59 /* Release */,
			);
			defaultConfigurationIsVisible = 0;
			defaultConfigurationName = Debug;
		};
		B2E18CFAC6862CEACD18F7D2 /* Build configuration list for PBXNativeTarget "MantaUITests" */ = {
			isa = XCConfigurationList;
			buildConfigurations = (
				21F7A79EB6EBD3BA68543DF5 /* Debug */,
				CC115D7AC52701EA267DC909 /* Release */,
			);
			defaultConfigurationIsVisible = 0;
			defaultConfigurationName = Debug;
		};
		DC932F22BD30025150B13A2C /* Build configuration list for PBXNativeTarget "MantaUIUITests" */ = {
			isa = XCConfigurationList;
			buildConfigurations = (
				63A8F6B5A9D8C75C21C7BBC2 /* Debug */,
				C002E5BFFE962393F5EF7147 /* Release */,
			);
			defaultConfigurationIsVisible = 0;
			defaultConfigurationName = Debug;
		};
/* End XCConfigurationList section */

/* Begin XCRemoteSwiftPackageReference section */
		B8F506AA56F1A90C2F5F7E32 /* XCRemoteSwiftPackageReference "MarkdownView" */ = {
			isa = XCRemoteSwiftPackageReference;
			repositoryURL = "https://github.com/LiYanan2004/MarkdownView";
			requirement = {
				kind = exactVersion;
				version = 3.0.0;
			};
		};
		B9D086ECD156777ED11A795D /* XCRemoteSwiftPackageReference "firebase-ios-sdk" */ = {
			isa = XCRemoteSwiftPackageReference;
			repositoryURL = "https://github.com/firebase/firebase-ios-sdk";
			requirement = {
				kind = upToNextMajorVersion;
				minimumVersion = 12.17.0;
			};
		};
		E05AB3E0DD965872E0023A07 /* XCRemoteSwiftPackageReference "swiftui-messaging-ui" */ = {
			isa = XCRemoteSwiftPackageReference;
			repositoryURL = "https://github.com/FluidGroup/swiftui-messaging-ui";
			requirement = {
				kind = revision;
				revision = 1ec611adfb17c74075239565273f6902cdf77db6;
			};
		};
/* End XCRemoteSwiftPackageReference section */

/* Begin XCSwiftPackageProductDependency section */
		2B48EABB4EC8AF086CA5C6AB /* MessagingUI */ = {
			isa = XCSwiftPackageProductDependency;
			package = E05AB3E0DD965872E0023A07 /* XCRemoteSwiftPackageReference "swiftui-messaging-ui" */;
			productName = MessagingUI;
		};
		3064D265FAB7F52B42389A28 /* FirebaseCrashlytics */ = {
			isa = XCSwiftPackageProductDependency;
			package = B9D086ECD156777ED11A795D /* XCRemoteSwiftPackageReference "firebase-ios-sdk" */;
			productName = FirebaseCrashlytics;
		};
		F69CF621A0341F78A09CFF85 /* MarkdownView */ = {
			isa = XCSwiftPackageProductDependency;
			package = B8F506AA56F1A90C2F5F7E32 /* XCRemoteSwiftPackageReference "MarkdownView" */;
			productName = MarkdownView;
		};
/* End XCSwiftPackageProductDependency section */
	};
	rootObject = 747EF81B08A2EE0658BCE94C /* Project object */;
}
