// !$*UTF8*$!
{
	archiveVersion = 1;
	classes = {
	};
	objectVersion = 77;
	objects = {

/* Begin PBXBuildFile section */
		0129D15936E52427A46702E7 /* MantaAuthClientTests.swift in Sources */ = {isa = PBXBuildFile; fileRef = 989AB507C4722A4CF012C3B8 /* MantaAuthClientTests.swift */; };
		01871023D47544D64443194D /* MantaModels.swift in Sources */ = {isa = PBXBuildFile; fileRef = 8C8240F1954861B4846E279D /* MantaModels.swift */; };
		0488B71F794FC6E64CDC0B23 /* TerminalKeyRow.swift in Sources */ = {isa = PBXBuildFile; fileRef = 7D7BC8920829E8847057C8DA /* TerminalKeyRow.swift */; };
		1B9026B4F0286A5186FD5197 /* MantaSettingsModels.swift in Sources */ = {isa = PBXBuildFile; fileRef = 39978655A14BFA5D39336286 /* MantaSettingsModels.swift */; };
		1F0E6031C0987AFF27CC3F47 /* SessionListStore.swift in Sources */ = {isa = PBXBuildFile; fileRef = 24994B33B60EB6C4C6EF4178 /* SessionListStore.swift */; };
		239BD2739F1F96A11F033259 /* SessionCreateSheet.swift in Sources */ = {isa = PBXBuildFile; fileRef = B928337494F2C80D8ACB126C /* SessionCreateSheet.swift */; };
		261925E9ADC090271FED15DE /* TerminalSessionState.swift in Sources */ = {isa = PBXBuildFile; fileRef = 81FE763828641B50BF496F4D /* TerminalSessionState.swift */; };
		3354E683F0CE92566A77C7D3 /* MantaPairingModels.swift in Sources */ = {isa = PBXBuildFile; fileRef = 3531B9EF3162D19FB6C30756 /* MantaPairingModels.swift */; };
		33DC8035C0E87F9A3A7DA7DB /* MantaEventStore.swift in Sources */ = {isa = PBXBuildFile; fileRef = 1E1306D325FEB295B7AB874E /* MantaEventStore.swift */; };
		3A14CB75D91300937752389C /* MantaAppRoot.swift in Sources */ = {isa = PBXBuildFile; fileRef = DD646A4951E292E750890CCB /* MantaAppRoot.swift */; };
		3F3FF5F6BE28352901513A14 /* MantaAppDelegate.swift in Sources */ = {isa = PBXBuildFile; fileRef = 25870866D56CCE59805BCC0E /* MantaAppDelegate.swift */; };
		41936A0681D76828B8DD2DAD /* terminal.html in Resources */ = {isa = PBXBuildFile; fileRef = E15031A040AEE7D0E9F4968B /* terminal.html */; };
		431A66604F73FFBD59781D92 /* TerminalScreen.swift in Sources */ = {isa = PBXBuildFile; fileRef = 942605E2D67D55C6DCCE83AC /* TerminalScreen.swift */; };
		4B93850BBF7EE94C3924479E /* xterm.css in Resources */ = {isa = PBXBuildFile; fileRef = 332D81D260E235364BFAD503 /* xterm.css */; };
		4DFA9582998C586AAC579F31 /* MantaUIHierarchyCaptureUITests.swift in Sources */ = {isa = PBXBuildFile; fileRef = 714E922397017504533FC4EE /* MantaUIHierarchyCaptureUITests.swift */; };
		4FBB551A50B4DA5B955968DD /* MantaUIApp.swift in Sources */ = {isa = PBXBuildFile; fileRef = 87CBDB00B3F0D138CB44A326 /* MantaUIApp.swift */; };
		5A03FC0627C87718E260CC02 /* MantaActionRPCWireTests.swift in Sources */ = {isa = PBXBuildFile; fileRef = 9CA2F9C1585492985A5D82ED /* MantaActionRPCWireTests.swift */; };
		5CDC4D3B2FD207C5E38A9AA1 /* MultilineTextView.swift in Sources */ = {isa = PBXBuildFile; fileRef = C1D7B8DB3BFDE6329FED7D5F /* MultilineTextView.swift */; };
		5DED49382A895F0EB73EE951 /* MantaStreamModels.swift in Sources */ = {isa = PBXBuildFile; fileRef = 7F45372304FA61F99907B0A3 /* MantaStreamModels.swift */; };
		5E0226E9FAFF3F9CA9F45F8F /* SettingsScreen.swift in Sources */ = {isa = PBXBuildFile; fileRef = A1E78B0F5B521937B40937DC /* SettingsScreen.swift */; };
		5E96ADCA67A3CABA9EFA9923 /* xterm.js in Resources */ = {isa = PBXBuildFile; fileRef = 32A7DC894AD600D3C2DE3160 /* xterm.js */; };
		5F85B39269B52E1E816CBA1B /* SettingsSchema.swift in Sources */ = {isa = PBXBuildFile; fileRef = 988B5D51F20F0D3BC838E083 /* SettingsSchema.swift */; };
		61062DC85A5139A0AB22BC24 /* TerminalSocket.swift in Sources */ = {isa = PBXBuildFile; fileRef = F88D3B9B782BF819EEBEBF1D /* TerminalSocket.swift */; };
		612658EEF8599BDB18369375 /* MantaAPIClient.swift in Sources */ = {isa = PBXBuildFile; fileRef = 17D174288A1A6C72E64B9079 /* MantaAPIClient.swift */; };
		61441105C65E4D7385DAF363 /* TerminalWebView.swift in Sources */ = {isa = PBXBuildFile; fileRef = 6BDC7F6FA94631DA4C55A948 /* TerminalWebView.swift */; };
		650862947C7F0D6C393C94BB /* ChatTranscriptTests.swift in Sources */ = {isa = PBXBuildFile; fileRef = C25DFE9E1AD1E939DBF7101D /* ChatTranscriptTests.swift */; };
		6545C305B308C5D49D581CFC /* MantaOnboarding.swift in Sources */ = {isa = PBXBuildFile; fileRef = 4B1B39AEF93CAAB814A6DBD7 /* MantaOnboarding.swift */; };
		6641B734CA8EE53BCF134AF8 /* README.md in Resources */ = {isa = PBXBuildFile; fileRef = C69B3498348311105BFB3772 /* README.md */; };
		67A2877890E8B008335AD7C0 /* KeychainCredentialStore.swift in Sources */ = {isa = PBXBuildFile; fileRef = 6E08743A649A206BA91EDD67 /* KeychainCredentialStore.swift */; };
		685261838F0EFABC1AB8B6B1 /* MantaPairingTests.swift in Sources */ = {isa = PBXBuildFile; fileRef = ABB2884AC2B1D0FE1E0DA8EB /* MantaPairingTests.swift */; };
		6A720AF41BDA6F4FC40A5585 /* ChatModels.swift in Sources */ = {isa = PBXBuildFile; fileRef = 4F7631E09B6FF7B150392A83 /* ChatModels.swift */; };
		7E8C2A70A3D5C0F949D79FF5 /* SessionModels.swift in Sources */ = {isa = PBXBuildFile; fileRef = 28250B8DDAB996449F7AE3AD /* SessionModels.swift */; };
		863035B4DE4C873A0BD9D0F5 /* MantaAuthClient.swift in Sources */ = {isa = PBXBuildFile; fileRef = 2F29E8693B4AA4191CF9C556 /* MantaAuthClient.swift */; };
		8A6656EBBD6AEC1B5CE7D0D6 /* MantaSettingsTests.swift in Sources */ = {isa = PBXBuildFile; fileRef = 57FFB984A951D5C7BD8D02F9 /* MantaSettingsTests.swift */; };
		8F61F901888B9FE16EA093B0 /* ChatSessionStore.swift in Sources */ = {isa = PBXBuildFile; fileRef = 471BF240012879FDED5689C1 /* ChatSessionStore.swift */; };
		9055A7DECF435A0A430D6FAB /* MantaSettingsStore.swift in Sources */ = {isa = PBXBuildFile; fileRef = ABF1AB00CC95EA99A4EF537B /* MantaSettingsStore.swift */; };
		94493F871005DA7F4DA19ED7 /* SessionListView.swift in Sources */ = {isa = PBXBuildFile; fileRef = D06ECCB6D27DBD73D1FF3189 /* SessionListView.swift */; };
		95970E5B12500AFD427E23D9 /* TranscriptComponents.swift in Sources */ = {isa = PBXBuildFile; fileRef = A26BEC5EF47268C8B29239F0 /* TranscriptComponents.swift */; };
		95A9EDE98E7304030E438CEF /* FolderPickerView.swift in Sources */ = {isa = PBXBuildFile; fileRef = 5D71EC917661085ED10E0867 /* FolderPickerView.swift */; };
		96F128D3EBC0D1432F603FDB /* ComposerTests.swift in Sources */ = {isa = PBXBuildFile; fileRef = 938AB4A14437119280E1B53A /* ComposerTests.swift */; };
		98A26A0ABAFE54728AE97FEE /* VoiceRecorder.swift in Sources */ = {isa = PBXBuildFile; fileRef = 4B4BD7922C8909E3A3961957 /* VoiceRecorder.swift */; };
		9BF6855A825F539665FF1563 /* MantaEventStreamTests.swift in Sources */ = {isa = PBXBuildFile; fileRef = EF45305B46745A80925FC1A4 /* MantaEventStreamTests.swift */; };
		9CF891D747797006729FDBD3 /* RootView.swift in Sources */ = {isa = PBXBuildFile; fileRef = A4E84DF65831DE58599C53BD /* RootView.swift */; };
		B5B62843F8D5814E0E5CEA40 /* MantaTransportTests.swift in Sources */ = {isa = PBXBuildFile; fileRef = 9BF85CE7BB8B25AABF039BC5 /* MantaTransportTests.swift */; };
		C414F36E83344076CE4F1ACD /* TerminalModelsTests.swift in Sources */ = {isa = PBXBuildFile; fileRef = DA2C52DC49C55784D6EF2B65 /* TerminalModelsTests.swift */; };
		C96C7F34F91F06214FD25523 /* ChatVoice.swift in Sources */ = {isa = PBXBuildFile; fileRef = 0451BC1AF50CB3A8D80344A5 /* ChatVoice.swift */; };
		CC6A77686B936B4DB6026466 /* ChatModelStore.swift in Sources */ = {isa = PBXBuildFile; fileRef = 8A6472C0BC3BDACAC4559198 /* ChatModelStore.swift */; };
		D776E336456236DC1493565F /* ChatModel.swift in Sources */ = {isa = PBXBuildFile; fileRef = 229392FD3405558D301D0809 /* ChatModel.swift */; };
		D9266F363BEB86F687C320FC /* ComposerView.swift in Sources */ = {isa = PBXBuildFile; fileRef = C42691C89906181C99929354 /* ComposerView.swift */; };
		E013C537E1082259B979DF35 /* SessionModelsTests.swift in Sources */ = {isa = PBXBuildFile; fileRef = 9803742B79E4302F8813EFCC /* SessionModelsTests.swift */; };
		E096BAD9FD8E87E15481B646 /* Theme.swift in Sources */ = {isa = PBXBuildFile; fileRef = 799EED7CC4F10C6684A5662C /* Theme.swift */; };
		E0DE29696DA12A52BE7FCD0D /* TerminalModels.swift in Sources */ = {isa = PBXBuildFile; fileRef = 2C3C09F5D2FEAE01B1C9CF1E /* TerminalModels.swift */; };
		E12FC0E7284E2760AD3A6C4C /* ChatScreen.swift in Sources */ = {isa = PBXBuildFile; fileRef = 436675A65BF149932C1EADE0 /* ChatScreen.swift */; };
		E2D12EA2304A2505C26C0698 /* xterm-addon-fit.js in Resources */ = {isa = PBXBuildFile; fileRef = 905097B1C8A76B785330CFB6 /* xterm-addon-fit.js */; };
		EAA66561F9150E1E2D4FBA4A /* MantaReconnectController.swift in Sources */ = {isa = PBXBuildFile; fileRef = 772D1B80A35F4493F828ACC2 /* MantaReconnectController.swift */; };
		ED03A3C1AAFA1094A92A9ECA /* MantaDeepLinkUITests.swift in Sources */ = {isa = PBXBuildFile; fileRef = 2B7A1F140660F9AC7AF07E00 /* MantaDeepLinkUITests.swift */; };
		F84BE156312997C53C3314AF /* MantaDeepLink.swift in Sources */ = {isa = PBXBuildFile; fileRef = 8879A94FE1BE824F438342AD /* MantaDeepLink.swift */; };
/* End PBXBuildFile section */

/* Begin PBXContainerItemProxy section */
		1CE0016C02E4DB509C179AEC /* PBXContainerItemProxy */ = {
			isa = PBXContainerItemProxy;
			containerPortal = 747EF81B08A2EE0658BCE94C /* Project object */;
			proxyType = 1;
			remoteGlobalIDString = 27F9832827A761BC0E5BCE51;
			remoteInfo = MantaUI;
		};
		8810EC5DBFDD634E1F282BE7 /* PBXContainerItemProxy */ = {
			isa = PBXContainerItemProxy;
			containerPortal = 747EF81B08A2EE0658BCE94C /* Project object */;
			proxyType = 1;
			remoteGlobalIDString = 27F9832827A761BC0E5BCE51;
			remoteInfo = MantaUI;
		};
/* End PBXContainerItemProxy section */

/* Begin PBXFileReference section */
		0451BC1AF50CB3A8D80344A5 /* ChatVoice.swift */ = {isa = PBXFileReference; lastKnownFileType = sourcecode.swift; path = ChatVoice.swift; sourceTree = "<group>"; };
		17D174288A1A6C72E64B9079 /* MantaAPIClient.swift */ = {isa = PBXFileReference; lastKnownFileType = sourcecode.swift; path = MantaAPIClient.swift; sourceTree = "<group>"; };
		1E1306D325FEB295B7AB874E /* MantaEventStore.swift */ = {isa = PBXFileReference; lastKnownFileType = sourcecode.swift; path = MantaEventStore.swift; sourceTree = "<group>"; };
		229392FD3405558D301D0809 /* ChatModel.swift */ = {isa = PBXFileReference; lastKnownFileType = sourcecode.swift; path = ChatModel.swift; sourceTree = "<group>"; };
		24994B33B60EB6C4C6EF4178 /* SessionListStore.swift */ = {isa = PBXFileReference; lastKnownFileType = sourcecode.swift; path = SessionListStore.swift; sourceTree = "<group>"; };
		25870866D56CCE59805BCC0E /* MantaAppDelegate.swift */ = {isa = PBXFileReference; lastKnownFileType = sourcecode.swift; path = MantaAppDelegate.swift; sourceTree = "<group>"; };
		28250B8DDAB996449F7AE3AD /* SessionModels.swift */ = {isa = PBXFileReference; lastKnownFileType = sourcecode.swift; path = SessionModels.swift; sourceTree = "<group>"; };
		2B7A1F140660F9AC7AF07E00 /* MantaDeepLinkUITests.swift */ = {isa = PBXFileReference; lastKnownFileType = sourcecode.swift; path = MantaDeepLinkUITests.swift; sourceTree = "<group>"; };
		2C13A01F9048A8907CBCC31D /* MantaUIUITests.xctest */ = {isa = PBXFileReference; includeInIndex = 0; lastKnownFileType = wrapper.cfbundle; path = MantaUIUITests.xctest; sourceTree = BUILT_PRODUCTS_DIR; };
		2C3C09F5D2FEAE01B1C9CF1E /* TerminalModels.swift */ = {isa = PBXFileReference; lastKnownFileType = sourcecode.swift; path = TerminalModels.swift; sourceTree = "<group>"; };
		2F29E8693B4AA4191CF9C556 /* MantaAuthClient.swift */ = {isa = PBXFileReference; lastKnownFileType = sourcecode.swift; path = MantaAuthClient.swift; sourceTree = "<group>"; };
		32A7DC894AD600D3C2DE3160 /* xterm.js */ = {isa = PBXFileReference; lastKnownFileType = sourcecode.javascript; path = xterm.js; sourceTree = "<group>"; };
		332D81D260E235364BFAD503 /* xterm.css */ = {isa = PBXFileReference; lastKnownFileType = text.css; path = xterm.css; sourceTree = "<group>"; };
		3531B9EF3162D19FB6C30756 /* MantaPairingModels.swift */ = {isa = PBXFileReference; lastKnownFileType = sourcecode.swift; path = MantaPairingModels.swift; sourceTree = "<group>"; };
		35ECC10E3DB9A931F8EB5420 /* MantaUI.app */ = {isa = PBXFileReference; includeInIndex = 0; lastKnownFileType = wrapper.application; path = MantaUI.app; sourceTree = BUILT_PRODUCTS_DIR; };
		39978655A14BFA5D39336286 /* MantaSettingsModels.swift */ = {isa = PBXFileReference; lastKnownFileType = sourcecode.swift; path = MantaSettingsModels.swift; sourceTree = "<group>"; };
		436675A65BF149932C1EADE0 /* ChatScreen.swift */ = {isa = PBXFileReference; lastKnownFileType = sourcecode.swift; path = ChatScreen.swift; sourceTree = "<group>"; };
		471BF240012879FDED5689C1 /* ChatSessionStore.swift */ = {isa = PBXFileReference; lastKnownFileType = sourcecode.swift; path = ChatSessionStore.swift; sourceTree = "<group>"; };
		4B1B39AEF93CAAB814A6DBD7 /* MantaOnboarding.swift */ = {isa = PBXFileReference; lastKnownFileType = sourcecode.swift; path = MantaOnboarding.swift; sourceTree = "<group>"; };
		4B4BD7922C8909E3A3961957 /* VoiceRecorder.swift */ = {isa = PBXFileReference; lastKnownFileType = sourcecode.swift; path = VoiceRecorder.swift; sourceTree = "<group>"; };
		4F7631E09B6FF7B150392A83 /* ChatModels.swift */ = {isa = PBXFileReference; lastKnownFileType = sourcecode.swift; path = ChatModels.swift; sourceTree = "<group>"; };
		57FFB984A951D5C7BD8D02F9 /* MantaSettingsTests.swift */ = {isa = PBXFileReference; lastKnownFileType = sourcecode.swift; path = MantaSettingsTests.swift; sourceTree = "<group>"; };
		5C02DA420B52094269A88E80 /* Info.plist */ = {isa = PBXFileReference; lastKnownFileType = text.plist; path = Info.plist; sourceTree = "<group>"; };
		5D71EC917661085ED10E0867 /* FolderPickerView.swift */ = {isa = PBXFileReference; lastKnownFileType = sourcecode.swift; path = FolderPickerView.swift; sourceTree = "<group>"; };
		6BDC7F6FA94631DA4C55A948 /* TerminalWebView.swift */ = {isa = PBXFileReference; lastKnownFileType = sourcecode.swift; path = TerminalWebView.swift; sourceTree = "<group>"; };
		6E08743A649A206BA91EDD67 /* KeychainCredentialStore.swift */ = {isa = PBXFileReference; lastKnownFileType = sourcecode.swift; path = KeychainCredentialStore.swift; sourceTree = "<group>"; };
		714E922397017504533FC4EE /* MantaUIHierarchyCaptureUITests.swift */ = {isa = PBXFileReference; lastKnownFileType = sourcecode.swift; path = MantaUIHierarchyCaptureUITests.swift; sourceTree = "<group>"; };
		772D1B80A35F4493F828ACC2 /* MantaReconnectController.swift */ = {isa = PBXFileReference; lastKnownFileType = sourcecode.swift; path = MantaReconnectController.swift; sourceTree = "<group>"; };
		799EED7CC4F10C6684A5662C /* Theme.swift */ = {isa = PBXFileReference; lastKnownFileType = sourcecode.swift; path = Theme.swift; sourceTree = "<group>"; };
		7D7BC8920829E8847057C8DA /* TerminalKeyRow.swift */ = {isa = PBXFileReference; lastKnownFileType = sourcecode.swift; path = TerminalKeyRow.swift; sourceTree = "<group>"; };
		7F45372304FA61F99907B0A3 /* MantaStreamModels.swift */ = {isa = PBXFileReference; lastKnownFileType = sourcecode.swift; path = MantaStreamModels.swift; sourceTree = "<group>"; };
		81FE763828641B50BF496F4D /* TerminalSessionState.swift */ = {isa = PBXFileReference; lastKnownFileType = sourcecode.swift; path = TerminalSessionState.swift; sourceTree = "<group>"; };
		87CBDB00B3F0D138CB44A326 /* MantaUIApp.swift */ = {isa = PBXFileReference; lastKnownFileType = sourcecode.swift; path = MantaUIApp.swift; sourceTree = "<group>"; };
		8879A94FE1BE824F438342AD /* MantaDeepLink.swift */ = {isa = PBXFileReference; lastKnownFileType = sourcecode.swift; path = MantaDeepLink.swift; sourceTree = "<group>"; };
		8A6472C0BC3BDACAC4559198 /* ChatModelStore.swift */ = {isa = PBXFileReference; lastKnownFileType = sourcecode.swift; path = ChatModelStore.swift; sourceTree = "<group>"; };
		8C8240F1954861B4846E279D /* MantaModels.swift */ = {isa = PBXFileReference; lastKnownFileType = sourcecode.swift; path = MantaModels.swift; sourceTree = "<group>"; };
		905097B1C8A76B785330CFB6 /* xterm-addon-fit.js */ = {isa = PBXFileReference; lastKnownFileType = sourcecode.javascript; path = "xterm-addon-fit.js"; sourceTree = "<group>"; };
		938AB4A14437119280E1B53A /* ComposerTests.swift */ = {isa = PBXFileReference; lastKnownFileType = sourcecode.swift; path = ComposerTests.swift; sourceTree = "<group>"; };
		942605E2D67D55C6DCCE83AC /* TerminalScreen.swift */ = {isa = PBXFileReference; lastKnownFileType = sourcecode.swift; path = TerminalScreen.swift; sourceTree = "<group>"; };
		9803742B79E4302F8813EFCC /* SessionModelsTests.swift */ = {isa = PBXFileReference; lastKnownFileType = sourcecode.swift; path = SessionModelsTests.swift; sourceTree = "<group>"; };
		988B5D51F20F0D3BC838E083 /* SettingsSchema.swift */ = {isa = PBXFileReference; lastKnownFileType = sourcecode.swift; path = SettingsSchema.swift; sourceTree = "<group>"; };
		989AB507C4722A4CF012C3B8 /* MantaAuthClientTests.swift */ = {isa = PBXFileReference; lastKnownFileType = sourcecode.swift; path = MantaAuthClientTests.swift; sourceTree = "<group>"; };
		9BF85CE7BB8B25AABF039BC5 /* MantaTransportTests.swift */ = {isa = PBXFileReference; lastKnownFileType = sourcecode.swift; path = MantaTransportTests.swift; sourceTree = "<group>"; };
		9CA2F9C1585492985A5D82ED /* MantaActionRPCWireTests.swift */ = {isa = PBXFileReference; lastKnownFileType = sourcecode.swift; path = MantaActionRPCWireTests.swift; sourceTree = "<group>"; };
		A1E78B0F5B521937B40937DC /* SettingsScreen.swift */ = {isa = PBXFileReference; lastKnownFileType = sourcecode.swift; path = SettingsScreen.swift; sourceTree = "<group>"; };
		A26BEC5EF47268C8B29239F0 /* TranscriptComponents.swift */ = {isa = PBXFileReference; lastKnownFileType = sourcecode.swift; path = TranscriptComponents.swift; sourceTree = "<group>"; };
		A4E84DF65831DE58599C53BD /* RootView.swift */ = {isa = PBXFileReference; lastKnownFileType = sourcecode.swift; path = RootView.swift; sourceTree = "<group>"; };
		ABB2884AC2B1D0FE1E0DA8EB /* MantaPairingTests.swift */ = {isa = PBXFileReference; lastKnownFileType = sourcecode.swift; path = MantaPairingTests.swift; sourceTree = "<group>"; };
		ABF1AB00CC95EA99A4EF537B /* MantaSettingsStore.swift */ = {isa = PBXFileReference; lastKnownFileType = sourcecode.swift; path = MantaSettingsStore.swift; sourceTree = "<group>"; };
		B928337494F2C80D8ACB126C /* SessionCreateSheet.swift */ = {isa = PBXFileReference; lastKnownFileType = sourcecode.swift; path = SessionCreateSheet.swift; sourceTree = "<group>"; };
		C1D7B8DB3BFDE6329FED7D5F /* MultilineTextView.swift */ = {isa = PBXFileReference; lastKnownFileType = sourcecode.swift; path = MultilineTextView.swift; sourceTree = "<group>"; };
		C25DFE9E1AD1E939DBF7101D /* ChatTranscriptTests.swift */ = {isa = PBXFileReference; lastKnownFileType = sourcecode.swift; path = ChatTranscriptTests.swift; sourceTree = "<group>"; };
		C42691C89906181C99929354 /* ComposerView.swift */ = {isa = PBXFileReference; lastKnownFileType = sourcecode.swift; path = ComposerView.swift; sourceTree = "<group>"; };
		C69B3498348311105BFB3772 /* README.md */ = {isa = PBXFileReference; lastKnownFileType = net.daringfireball.markdown; path = README.md; sourceTree = "<group>"; };
		C7F564F718747579264A4370 /* MantaUITests.xctest */ = {isa = PBXFileReference; includeInIndex = 0; lastKnownFileType = wrapper.cfbundle; path = MantaUITests.xctest; sourceTree = BUILT_PRODUCTS_DIR; };
		D06ECCB6D27DBD73D1FF3189 /* SessionListView.swift */ = {isa = PBXFileReference; lastKnownFileType = sourcecode.swift; path = SessionListView.swift; sourceTree = "<group>"; };
		DA2C52DC49C55784D6EF2B65 /* TerminalModelsTests.swift */ = {isa = PBXFileReference; lastKnownFileType = sourcecode.swift; path = TerminalModelsTests.swift; sourceTree = "<group>"; };
		DC240598BDE45C3D43B46191 /* MantaUI.entitlements */ = {isa = PBXFileReference; lastKnownFileType = text.plist.entitlements; path = MantaUI.entitlements; sourceTree = "<group>"; };
		DD646A4951E292E750890CCB /* MantaAppRoot.swift */ = {isa = PBXFileReference; lastKnownFileType = sourcecode.swift; path = MantaAppRoot.swift; sourceTree = "<group>"; };
		E15031A040AEE7D0E9F4968B /* terminal.html */ = {isa = PBXFileReference; lastKnownFileType = text.html; path = terminal.html; sourceTree = "<group>"; };
		EF45305B46745A80925FC1A4 /* MantaEventStreamTests.swift */ = {isa = PBXFileReference; lastKnownFileType = sourcecode.swift; path = MantaEventStreamTests.swift; sourceTree = "<group>"; };
		F88D3B9B782BF819EEBEBF1D /* TerminalSocket.swift */ = {isa = PBXFileReference; lastKnownFileType = sourcecode.swift; path = TerminalSocket.swift; sourceTree = "<group>"; };
/* End PBXFileReference section */

/* Begin PBXGroup section */
		0141B3CF9BBB5EB026BDA8C5 /* Products */ = {
			isa = PBXGroup;
			children = (
				35ECC10E3DB9A931F8EB5420 /* MantaUI.app */,
				C7F564F718747579264A4370 /* MantaUITests.xctest */,
				2C13A01F9048A8907CBCC31D /* MantaUIUITests.xctest */,
			);
			name = Products;
			sourceTree = "<group>";
		};
		50A0ACE5FA8F3A848B41986E /* MantaUI */ = {
			isa = PBXGroup;
			children = (
				B72EDCFA9E8A4AE9662EC299 /* generated */,
			);
			name = MantaUI;
			path = ../..;
			sourceTree = "<group>";
		};
		6BE82C3C8936377EEB75129C /* terminal */ = {
			isa = PBXGroup;
			children = (
				C69B3498348311105BFB3772 /* README.md */,
				E15031A040AEE7D0E9F4968B /* terminal.html */,
				905097B1C8A76B785330CFB6 /* xterm-addon-fit.js */,
				332D81D260E235364BFAD503 /* xterm.css */,
				32A7DC894AD600D3C2DE3160 /* xterm.js */,
			);
			path = terminal;
			sourceTree = "<group>";
		};
		6C581AFB55001DF333A22728 /* Resources */ = {
			isa = PBXGroup;
			children = (
				6BE82C3C8936377EEB75129C /* terminal */,
			);
			path = Resources;
			sourceTree = "<group>";
		};
		7168FDC00E99AA075ACA9698 /* MantaUITests */ = {
			isa = PBXGroup;
			children = (
				C25DFE9E1AD1E939DBF7101D /* ChatTranscriptTests.swift */,
				938AB4A14437119280E1B53A /* ComposerTests.swift */,
				9CA2F9C1585492985A5D82ED /* MantaActionRPCWireTests.swift */,
				989AB507C4722A4CF012C3B8 /* MantaAuthClientTests.swift */,
				EF45305B46745A80925FC1A4 /* MantaEventStreamTests.swift */,
				ABB2884AC2B1D0FE1E0DA8EB /* MantaPairingTests.swift */,
				57FFB984A951D5C7BD8D02F9 /* MantaSettingsTests.swift */,
				9BF85CE7BB8B25AABF039BC5 /* MantaTransportTests.swift */,
				9803742B79E4302F8813EFCC /* SessionModelsTests.swift */,
				DA2C52DC49C55784D6EF2B65 /* TerminalModelsTests.swift */,
			);
			path = MantaUITests;
			sourceTree = "<group>";
		};
		855545FE3D464DDBA2B48C48 = {
			isa = PBXGroup;
			children = (
				D7128F5AAFA315FE875EEC98 /* MantaUI */,
				50A0ACE5FA8F3A848B41986E /* MantaUI */,
				7168FDC00E99AA075ACA9698 /* MantaUITests */,
				DF70760D7D88A6A31A5243DA /* MantaUIUITests */,
				0141B3CF9BBB5EB026BDA8C5 /* Products */,
			);
			sourceTree = "<group>";
		};
		A2F2688921C397D0D4B331A3 /* swift */ = {
			isa = PBXGroup;
			children = (
				988B5D51F20F0D3BC838E083 /* SettingsSchema.swift */,
				799EED7CC4F10C6684A5662C /* Theme.swift */,
			);
			path = swift;
			sourceTree = "<group>";
		};
		B72EDCFA9E8A4AE9662EC299 /* generated */ = {
			isa = PBXGroup;
			children = (
				A2F2688921C397D0D4B331A3 /* swift */,
			);
			path = generated;
			sourceTree = "<group>";
		};
		D7128F5AAFA315FE875EEC98 /* MantaUI */ = {
			isa = PBXGroup;
			children = (
				229392FD3405558D301D0809 /* ChatModel.swift */,
				4F7631E09B6FF7B150392A83 /* ChatModels.swift */,
				8A6472C0BC3BDACAC4559198 /* ChatModelStore.swift */,
				436675A65BF149932C1EADE0 /* ChatScreen.swift */,
				471BF240012879FDED5689C1 /* ChatSessionStore.swift */,
				0451BC1AF50CB3A8D80344A5 /* ChatVoice.swift */,
				C42691C89906181C99929354 /* ComposerView.swift */,
				5D71EC917661085ED10E0867 /* FolderPickerView.swift */,
				5C02DA420B52094269A88E80 /* Info.plist */,
				6E08743A649A206BA91EDD67 /* KeychainCredentialStore.swift */,
				17D174288A1A6C72E64B9079 /* MantaAPIClient.swift */,
				25870866D56CCE59805BCC0E /* MantaAppDelegate.swift */,
				DD646A4951E292E750890CCB /* MantaAppRoot.swift */,
				2F29E8693B4AA4191CF9C556 /* MantaAuthClient.swift */,
				8879A94FE1BE824F438342AD /* MantaDeepLink.swift */,
				1E1306D325FEB295B7AB874E /* MantaEventStore.swift */,
				8C8240F1954861B4846E279D /* MantaModels.swift */,
				4B1B39AEF93CAAB814A6DBD7 /* MantaOnboarding.swift */,
				3531B9EF3162D19FB6C30756 /* MantaPairingModels.swift */,
				772D1B80A35F4493F828ACC2 /* MantaReconnectController.swift */,
				39978655A14BFA5D39336286 /* MantaSettingsModels.swift */,
				ABF1AB00CC95EA99A4EF537B /* MantaSettingsStore.swift */,
				7F45372304FA61F99907B0A3 /* MantaStreamModels.swift */,
				DC240598BDE45C3D43B46191 /* MantaUI.entitlements */,
				87CBDB00B3F0D138CB44A326 /* MantaUIApp.swift */,
				C1D7B8DB3BFDE6329FED7D5F /* MultilineTextView.swift */,
				A4E84DF65831DE58599C53BD /* RootView.swift */,
				B928337494F2C80D8ACB126C /* SessionCreateSheet.swift */,
				24994B33B60EB6C4C6EF4178 /* SessionListStore.swift */,
				D06ECCB6D27DBD73D1FF3189 /* SessionListView.swift */,
				28250B8DDAB996449F7AE3AD /* SessionModels.swift */,
				A1E78B0F5B521937B40937DC /* SettingsScreen.swift */,
				7D7BC8920829E8847057C8DA /* TerminalKeyRow.swift */,
				2C3C09F5D2FEAE01B1C9CF1E /* TerminalModels.swift */,
				942605E2D67D55C6DCCE83AC /* TerminalScreen.swift */,
				81FE763828641B50BF496F4D /* TerminalSessionState.swift */,
				F88D3B9B782BF819EEBEBF1D /* TerminalSocket.swift */,
				6BDC7F6FA94631DA4C55A948 /* TerminalWebView.swift */,
				A26BEC5EF47268C8B29239F0 /* TranscriptComponents.swift */,
				4B4BD7922C8909E3A3961957 /* VoiceRecorder.swift */,
				6C581AFB55001DF333A22728 /* Resources */,
			);
			path = MantaUI;
			sourceTree = "<group>";
		};
		DF70760D7D88A6A31A5243DA /* MantaUIUITests */ = {
			isa = PBXGroup;
			children = (
				2B7A1F140660F9AC7AF07E00 /* MantaDeepLinkUITests.swift */,
				714E922397017504533FC4EE /* MantaUIHierarchyCaptureUITests.swift */,
			);
			path = MantaUIUITests;
			sourceTree = "<group>";
		};
/* End PBXGroup section */

/* Begin PBXNativeTarget section */
		0A2210EB32D156B1FB712083 /* MantaUIUITests */ = {
			isa = PBXNativeTarget;
			buildConfigurationList = DC932F22BD30025150B13A2C /* Build configuration list for PBXNativeTarget "MantaUIUITests" */;
			buildPhases = (
				4724733D1545274205A1D812 /* Sources */,
			);
			buildRules = (
			);
			dependencies = (
				19FA46D00CE3D8123D4EBB52 /* PBXTargetDependency */,
			);
			name = MantaUIUITests;
			packageProductDependencies = (
			);
			productName = MantaUIUITests;
			productReference = 2C13A01F9048A8907CBCC31D /* MantaUIUITests.xctest */;
			productType = "com.apple.product-type.bundle.ui-testing";
		};
		27F9832827A761BC0E5BCE51 /* MantaUI */ = {
			isa = PBXNativeTarget;
			buildConfigurationList = 2849616DFC1A158C2EC07212 /* Build configuration list for PBXNativeTarget "MantaUI" */;
			buildPhases = (
				85AE13C7C7852F37B78D84D2 /* Sources */,
				A5BEBE3258625CF97C8CED67 /* Resources */,
			);
			buildRules = (
			);
			dependencies = (
			);
			name = MantaUI;
			packageProductDependencies = (
			);
			productName = MantaUI;
			productReference = 35ECC10E3DB9A931F8EB5420 /* MantaUI.app */;
			productType = "com.apple.product-type.application";
		};
		4ECEFC7C72A2BCE14E074398 /* MantaUITests */ = {
			isa = PBXNativeTarget;
			buildConfigurationList = B2E18CFAC6862CEACD18F7D2 /* Build configuration list for PBXNativeTarget "MantaUITests" */;
			buildPhases = (
				7D494B7A9C066190FA5152CE /* Sources */,
			);
			buildRules = (
			);
			dependencies = (
				B7AC66CE5A455E88F25175AE /* PBXTargetDependency */,
			);
			name = MantaUITests;
			packageProductDependencies = (
			);
			productName = MantaUITests;
			productReference = C7F564F718747579264A4370 /* MantaUITests.xctest */;
			productType = "com.apple.product-type.bundle.unit-test";
		};
/* End PBXNativeTarget section */

/* Begin PBXProject section */
		747EF81B08A2EE0658BCE94C /* Project object */ = {
			isa = PBXProject;
			attributes = {
				BuildIndependentTargetsInParallel = YES;
				LastUpgradeCheck = 1430;
				TargetAttributes = {
					0A2210EB32D156B1FB712083 = {
						ProvisioningStyle = Automatic;
						TestTargetID = 27F9832827A761BC0E5BCE51;
					};
					27F9832827A761BC0E5BCE51 = {
						ProvisioningStyle = Automatic;
					};
					4ECEFC7C72A2BCE14E074398 = {
						ProvisioningStyle = Automatic;
					};
				};
			};
			buildConfigurationList = 6945EF25C57025CCDAF0BFBA /* Build configuration list for PBXProject "MantaUI" */;
			developmentRegion = en;
			hasScannedForEncodings = 0;
			knownRegions = (
				Base,
				en,
			);
			mainGroup = 855545FE3D464DDBA2B48C48;
			minimizedProjectReferenceProxies = 1;
			preferredProjectObjectVersion = 77;
			productRefGroup = 0141B3CF9BBB5EB026BDA8C5 /* Products */;
			projectDirPath = "";
			projectRoot = "";
			targets = (
				27F9832827A761BC0E5BCE51 /* MantaUI */,
				4ECEFC7C72A2BCE14E074398 /* MantaUITests */,
				0A2210EB32D156B1FB712083 /* MantaUIUITests */,
			);
		};
/* End PBXProject section */

/* Begin PBXResourcesBuildPhase section */
		A5BEBE3258625CF97C8CED67 /* Resources */ = {
			isa = PBXResourcesBuildPhase;
			buildActionMask = 2147483647;
			files = (
				6641B734CA8EE53BCF134AF8 /* README.md in Resources */,
				41936A0681D76828B8DD2DAD /* terminal.html in Resources */,
				E2D12EA2304A2505C26C0698 /* xterm-addon-fit.js in Resources */,
				4B93850BBF7EE94C3924479E /* xterm.css in Resources */,
				5E96ADCA67A3CABA9EFA9923 /* xterm.js in Resources */,
			);
			runOnlyForDeploymentPostprocessing = 0;
		};
/* End PBXResourcesBuildPhase section */

/* Begin PBXSourcesBuildPhase section */
		4724733D1545274205A1D812 /* Sources */ = {
			isa = PBXSourcesBuildPhase;
			buildActionMask = 2147483647;
			files = (
				ED03A3C1AAFA1094A92A9ECA /* MantaDeepLinkUITests.swift in Sources */,
				4DFA9582998C586AAC579F31 /* MantaUIHierarchyCaptureUITests.swift in Sources */,
			);
			runOnlyForDeploymentPostprocessing = 0;
		};
		7D494B7A9C066190FA5152CE /* Sources */ = {
			isa = PBXSourcesBuildPhase;
			buildActionMask = 2147483647;
			files = (
				650862947C7F0D6C393C94BB /* ChatTranscriptTests.swift in Sources */,
				96F128D3EBC0D1432F603FDB /* ComposerTests.swift in Sources */,
				5A03FC0627C87718E260CC02 /* MantaActionRPCWireTests.swift in Sources */,
				0129D15936E52427A46702E7 /* MantaAuthClientTests.swift in Sources */,
				9BF6855A825F539665FF1563 /* MantaEventStreamTests.swift in Sources */,
				685261838F0EFABC1AB8B6B1 /* MantaPairingTests.swift in Sources */,
				8A6656EBBD6AEC1B5CE7D0D6 /* MantaSettingsTests.swift in Sources */,
				B5B62843F8D5814E0E5CEA40 /* MantaTransportTests.swift in Sources */,
				E013C537E1082259B979DF35 /* SessionModelsTests.swift in Sources */,
				C414F36E83344076CE4F1ACD /* TerminalModelsTests.swift in Sources */,
			);
			runOnlyForDeploymentPostprocessing = 0;
		};
		85AE13C7C7852F37B78D84D2 /* Sources */ = {
			isa = PBXSourcesBuildPhase;
			buildActionMask = 2147483647;
			files = (
				D776E336456236DC1493565F /* ChatModel.swift in Sources */,
				CC6A77686B936B4DB6026466 /* ChatModelStore.swift in Sources */,
				6A720AF41BDA6F4FC40A5585 /* ChatModels.swift in Sources */,
				E12FC0E7284E2760AD3A6C4C /* ChatScreen.swift in Sources */,
				8F61F901888B9FE16EA093B0 /* ChatSessionStore.swift in Sources */,
				C96C7F34F91F06214FD25523 /* ChatVoice.swift in Sources */,
				D9266F363BEB86F687C320FC /* ComposerView.swift in Sources */,
				95A9EDE98E7304030E438CEF /* FolderPickerView.swift in Sources */,
				67A2877890E8B008335AD7C0 /* KeychainCredentialStore.swift in Sources */,
				612658EEF8599BDB18369375 /* MantaAPIClient.swift in Sources */,
				3F3FF5F6BE28352901513A14 /* MantaAppDelegate.swift in Sources */,
				3A14CB75D91300937752389C /* MantaAppRoot.swift in Sources */,
				863035B4DE4C873A0BD9D0F5 /* MantaAuthClient.swift in Sources */,
				F84BE156312997C53C3314AF /* MantaDeepLink.swift in Sources */,
				33DC8035C0E87F9A3A7DA7DB /* MantaEventStore.swift in Sources */,
				01871023D47544D64443194D /* MantaModels.swift in Sources */,
				6545C305B308C5D49D581CFC /* MantaOnboarding.swift in Sources */,
				3354E683F0CE92566A77C7D3 /* MantaPairingModels.swift in Sources */,
				EAA66561F9150E1E2D4FBA4A /* MantaReconnectController.swift in Sources */,
				1B9026B4F0286A5186FD5197 /* MantaSettingsModels.swift in Sources */,
				9055A7DECF435A0A430D6FAB /* MantaSettingsStore.swift in Sources */,
				5DED49382A895F0EB73EE951 /* MantaStreamModels.swift in Sources */,
				4FBB551A50B4DA5B955968DD /* MantaUIApp.swift in Sources */,
				5CDC4D3B2FD207C5E38A9AA1 /* MultilineTextView.swift in Sources */,
				9CF891D747797006729FDBD3 /* RootView.swift in Sources */,
				239BD2739F1F96A11F033259 /* SessionCreateSheet.swift in Sources */,
				1F0E6031C0987AFF27CC3F47 /* SessionListStore.swift in Sources */,
				94493F871005DA7F4DA19ED7 /* SessionListView.swift in Sources */,
				7E8C2A70A3D5C0F949D79FF5 /* SessionModels.swift in Sources */,
				5F85B39269B52E1E816CBA1B /* SettingsSchema.swift in Sources */,
				5E0226E9FAFF3F9CA9F45F8F /* SettingsScreen.swift in Sources */,
				0488B71F794FC6E64CDC0B23 /* TerminalKeyRow.swift in Sources */,
				E0DE29696DA12A52BE7FCD0D /* TerminalModels.swift in Sources */,
				431A66604F73FFBD59781D92 /* TerminalScreen.swift in Sources */,
				261925E9ADC090271FED15DE /* TerminalSessionState.swift in Sources */,
				61062DC85A5139A0AB22BC24 /* TerminalSocket.swift in Sources */,
				61441105C65E4D7385DAF363 /* TerminalWebView.swift in Sources */,
				E096BAD9FD8E87E15481B646 /* Theme.swift in Sources */,
				95970E5B12500AFD427E23D9 /* TranscriptComponents.swift in Sources */,
				98A26A0ABAFE54728AE97FEE /* VoiceRecorder.swift in Sources */,
			);
			runOnlyForDeploymentPostprocessing = 0;
		};
/* End PBXSourcesBuildPhase section */

/* Begin PBXTargetDependency section */
		19FA46D00CE3D8123D4EBB52 /* PBXTargetDependency */ = {
			isa = PBXTargetDependency;
			target = 27F9832827A761BC0E5BCE51 /* MantaUI */;
			targetProxy = 8810EC5DBFDD634E1F282BE7 /* PBXContainerItemProxy */;
		};
		B7AC66CE5A455E88F25175AE /* PBXTargetDependency */ = {
			isa = PBXTargetDependency;
			target = 27F9832827A761BC0E5BCE51 /* MantaUI */;
			targetProxy = 1CE0016C02E4DB509C179AEC /* PBXContainerItemProxy */;
		};
/* End PBXTargetDependency section */

/* Begin XCBuildConfiguration section */
		21F7A79EB6EBD3BA68543DF5 /* Debug */ = {
			isa = XCBuildConfiguration;
			buildSettings = {
				BUNDLE_LOADER = "$(TEST_HOST)";
				CODE_SIGN_STYLE = Automatic;
				GENERATE_INFOPLIST_FILE = YES;
				IPHONEOS_DEPLOYMENT_TARGET = 26.0;
				LD_RUNPATH_SEARCH_PATHS = (
					"$(inherited)",
					"@executable_path/Frameworks",
					"@loader_path/Frameworks",
				);
				PRODUCT_BUNDLE_IDENTIFIER = com.antoinedc.mantaui.tests;
				SDKROOT = iphoneos;
				TARGETED_DEVICE_FAMILY = "1,2";
				TEST_HOST = "$(BUILT_PRODUCTS_DIR)/MantaUI.app/MantaUI";
			};
			name = Debug;
		};
		63A8F6B5A9D8C75C21C7BBC2 /* Debug */ = {
			isa = XCBuildConfiguration;
			buildSettings = {
				BUNDLE_LOADER = "$(TEST_HOST)";
				CODE_SIGN_STYLE = Automatic;
				GENERATE_INFOPLIST_FILE = YES;
				IPHONEOS_DEPLOYMENT_TARGET = 26.0;
				LD_RUNPATH_SEARCH_PATHS = (
					"$(inherited)",
					"@executable_path/Frameworks",
					"@loader_path/Frameworks",
				);
				PRODUCT_BUNDLE_IDENTIFIER = com.antoinedc.mantaui.uitests;
				SDKROOT = iphoneos;
				TARGETED_DEVICE_FAMILY = "1,2";
				TEST_TARGET_NAME = MantaUI;
			};
			name = Debug;
		};
		8857613A992CF5C51AF05CFD /* Debug */ = {
			isa = XCBuildConfiguration;
			buildSettings = {
				ASSETCATALOG_COMPILER_APPICON_NAME = AppIcon;
				CODE_SIGN_ENTITLEMENTS = MantaUI/MantaUI.entitlements;
				CODE_SIGN_IDENTITY = "iPhone Developer";
				CODE_SIGN_STYLE = Automatic;
				CURRENT_PROJECT_VERSION = 1;
				GENERATE_INFOPLIST_FILE = YES;
				INFOPLIST_FILE = MantaUI/Info.plist;
				INFOPLIST_KEY_CFBundleDisplayName = MantaUI;
				INFOPLIST_KEY_NSMicrophoneUsageDescription = "MantaUI uses the microphone for push-to-talk dictation and voice commands in chat.";
				INFOPLIST_KEY_UIApplicationSceneManifest_Generation = YES;
				INFOPLIST_KEY_UIApplicationSupportsIndirectInputEvents = YES;
				INFOPLIST_KEY_UILaunchScreen_Generation = YES;
				INFOPLIST_KEY_UISupportedInterfaceOrientations = UIInterfaceOrientationPortrait;
				IPHONEOS_DEPLOYMENT_TARGET = 26.0;
				LD_RUNPATH_SEARCH_PATHS = (
					"$(inherited)",
					"@executable_path/Frameworks",
				);
				MARKETING_VERSION = 0.1.0;
				PRODUCT_BUNDLE_IDENTIFIER = com.antoinedc.mantaui;
				PRODUCT_NAME = MantaUI;
				SDKROOT = iphoneos;
				SWIFT_EMIT_LOC_STRINGS = YES;
				TARGETED_DEVICE_FAMILY = 1;
			};
			name = Debug;
		};
		9FF72AEF1528C0288306AE59 /* Release */ = {
			isa = XCBuildConfiguration;
			buildSettings = {
				ALWAYS_SEARCH_USER_PATHS = NO;
				CLANG_ANALYZER_NONNULL = YES;
				CLANG_ANALYZER_NUMBER_OBJECT_CONVERSION = YES_AGGRESSIVE;
				CLANG_CXX_LANGUAGE_STANDARD = "gnu++14";
				CLANG_CXX_LIBRARY = "libc++";
				CLANG_ENABLE_MODULES = YES;
				CLANG_ENABLE_OBJC_ARC = YES;
				CLANG_ENABLE_OBJC_WEAK = YES;
				CLANG_WARN_BLOCK_CAPTURE_AUTORELEASING = YES;
				CLANG_WARN_BOOL_CONVERSION = YES;
				CLANG_WARN_COMMA = YES;
				CLANG_WARN_CONSTANT_CONVERSION = YES;
				CLANG_WARN_DEPRECATED_OBJC_IMPLEMENTATIONS = YES;
				CLANG_WARN_DIRECT_OBJC_ISA_USAGE = YES_ERROR;
				CLANG_WARN_DOCUMENTATION_COMMENTS = YES;
				CLANG_WARN_EMPTY_BODY = YES;
				CLANG_WARN_ENUM_CONVERSION = YES;
				CLANG_WARN_INFINITE_RECURSION = YES;
				CLANG_WARN_INT_CONVERSION = YES;
				CLANG_WARN_NON_LITERAL_NULL_CONVERSION = YES;
				CLANG_WARN_OBJC_IMPLICIT_RETAIN_SELF = YES;
				CLANG_WARN_OBJC_LITERAL_CONVERSION = YES;
				CLANG_WARN_OBJC_ROOT_CLASS = YES_ERROR;
				CLANG_WARN_QUOTED_INCLUDE_IN_FRAMEWORK_HEADER = YES;
				CLANG_WARN_RANGE_LOOP_ANALYSIS = YES;
				CLANG_WARN_STRICT_PROTOTYPES = YES;
				CLANG_WARN_SUSPICIOUS_MOVE = YES;
				CLANG_WARN_UNGUARDED_AVAILABILITY = YES_AGGRESSIVE;
				CLANG_WARN_UNREACHABLE_CODE = YES;
				CLANG_WARN__DUPLICATE_METHOD_MATCH = YES;
				COPY_PHASE_STRIP = NO;
				DEBUG_INFORMATION_FORMAT = "dwarf-with-dsym";
				ENABLE_NS_ASSERTIONS = NO;
				ENABLE_STRICT_OBJC_MSGSEND = YES;
				GCC_C_LANGUAGE_STANDARD = gnu11;
				GCC_NO_COMMON_BLOCKS = YES;
				GCC_WARN_64_TO_32_BIT_CONVERSION = YES;
				GCC_WARN_ABOUT_RETURN_TYPE = YES_ERROR;
				GCC_WARN_UNDECLARED_SELECTOR = YES;
				GCC_WARN_UNINITIALIZED_AUTOS = YES_AGGRESSIVE;
				GCC_WARN_UNUSED_FUNCTION = YES;
				GCC_WARN_UNUSED_VARIABLE = YES;
				IPHONEOS_DEPLOYMENT_TARGET = 26.0;
				MTL_ENABLE_DEBUG_INFO = NO;
				MTL_FAST_MATH = YES;
				PRODUCT_NAME = "$(TARGET_NAME)";
				SDKROOT = iphoneos;
				SWIFT_COMPILATION_MODE = wholemodule;
				SWIFT_OPTIMIZATION_LEVEL = "-O";
				SWIFT_VERSION = 6.0;
			};
			name = Release;
		};
		C002E5BFFE962393F5EF7147 /* Release */ = {
			isa = XCBuildConfiguration;
			buildSettings = {
				BUNDLE_LOADER = "$(TEST_HOST)";
				CODE_SIGN_STYLE = Automatic;
				GENERATE_INFOPLIST_FILE = YES;
				IPHONEOS_DEPLOYMENT_TARGET = 26.0;
				LD_RUNPATH_SEARCH_PATHS = (
					"$(inherited)",
					"@executable_path/Frameworks",
					"@loader_path/Frameworks",
				);
				PRODUCT_BUNDLE_IDENTIFIER = com.antoinedc.mantaui.uitests;
				SDKROOT = iphoneos;
				TARGETED_DEVICE_FAMILY = "1,2";
				TEST_TARGET_NAME = MantaUI;
			};
			name = Release;
		};
		C751156F6F02EED867EF4EA2 /* Release */ = {
			isa = XCBuildConfiguration;
			buildSettings = {
				ASSETCATALOG_COMPILER_APPICON_NAME = AppIcon;
				CODE_SIGN_ENTITLEMENTS = MantaUI/MantaUI.entitlements;
				CODE_SIGN_IDENTITY = "iPhone Developer";
				CODE_SIGN_STYLE = Automatic;
				CURRENT_PROJECT_VERSION = 1;
				GENERATE_INFOPLIST_FILE = YES;
				INFOPLIST_FILE = MantaUI/Info.plist;
				INFOPLIST_KEY_CFBundleDisplayName = MantaUI;
				INFOPLIST_KEY_NSMicrophoneUsageDescription = "MantaUI uses the microphone for push-to-talk dictation and voice commands in chat.";
				INFOPLIST_KEY_UIApplicationSceneManifest_Generation = YES;
				INFOPLIST_KEY_UIApplicationSupportsIndirectInputEvents = YES;
				INFOPLIST_KEY_UILaunchScreen_Generation = YES;
				INFOPLIST_KEY_UISupportedInterfaceOrientations = UIInterfaceOrientationPortrait;
				IPHONEOS_DEPLOYMENT_TARGET = 26.0;
				LD_RUNPATH_SEARCH_PATHS = (
					"$(inherited)",
					"@executable_path/Frameworks",
				);
				MARKETING_VERSION = 0.1.0;
				PRODUCT_BUNDLE_IDENTIFIER = com.antoinedc.mantaui;
				PRODUCT_NAME = MantaUI;
				SDKROOT = iphoneos;
				SWIFT_EMIT_LOC_STRINGS = YES;
				TARGETED_DEVICE_FAMILY = 1;
			};
			name = Release;
		};
		CC115D7AC52701EA267DC909 /* Release */ = {
			isa = XCBuildConfiguration;
			buildSettings = {
				BUNDLE_LOADER = "$(TEST_HOST)";
				CODE_SIGN_STYLE = Automatic;
				GENERATE_INFOPLIST_FILE = YES;
				IPHONEOS_DEPLOYMENT_TARGET = 26.0;
				LD_RUNPATH_SEARCH_PATHS = (
					"$(inherited)",
					"@executable_path/Frameworks",
					"@loader_path/Frameworks",
				);
				PRODUCT_BUNDLE_IDENTIFIER = com.antoinedc.mantaui.tests;
				SDKROOT = iphoneos;
				TARGETED_DEVICE_FAMILY = "1,2";
				TEST_HOST = "$(BUILT_PRODUCTS_DIR)/MantaUI.app/MantaUI";
			};
			name = Release;
		};
		CD6610745679E80B8D16AE5F /* Debug */ = {
			isa = XCBuildConfiguration;
			buildSettings = {
				ALWAYS_SEARCH_USER_PATHS = NO;
				CLANG_ANALYZER_NONNULL = YES;
				CLANG_ANALYZER_NUMBER_OBJECT_CONVERSION = YES_AGGRESSIVE;
				CLANG_CXX_LANGUAGE_STANDARD = "gnu++14";
				CLANG_CXX_LIBRARY = "libc++";
				CLANG_ENABLE_MODULES = YES;
				CLANG_ENABLE_OBJC_ARC = YES;
				CLANG_ENABLE_OBJC_WEAK = YES;
				CLANG_WARN_BLOCK_CAPTURE_AUTORELEASING = YES;
				CLANG_WARN_BOOL_CONVERSION = YES;
				CLANG_WARN_COMMA = YES;
				CLANG_WARN_CONSTANT_CONVERSION = YES;
				CLANG_WARN_DEPRECATED_OBJC_IMPLEMENTATIONS = YES;
				CLANG_WARN_DIRECT_OBJC_ISA_USAGE = YES_ERROR;
				CLANG_WARN_DOCUMENTATION_COMMENTS = YES;
				CLANG_WARN_EMPTY_BODY = YES;
				CLANG_WARN_ENUM_CONVERSION = YES;
				CLANG_WARN_INFINITE_RECURSION = YES;
				CLANG_WARN_INT_CONVERSION = YES;
				CLANG_WARN_NON_LITERAL_NULL_CONVERSION = YES;
				CLANG_WARN_OBJC_IMPLICIT_RETAIN_SELF = YES;
				CLANG_WARN_OBJC_LITERAL_CONVERSION = YES;
				CLANG_WARN_OBJC_ROOT_CLASS = YES_ERROR;
				CLANG_WARN_QUOTED_INCLUDE_IN_FRAMEWORK_HEADER = YES;
				CLANG_WARN_RANGE_LOOP_ANALYSIS = YES;
				CLANG_WARN_STRICT_PROTOTYPES = YES;
				CLANG_WARN_SUSPICIOUS_MOVE = YES;
				CLANG_WARN_UNGUARDED_AVAILABILITY = YES_AGGRESSIVE;
				CLANG_WARN_UNREACHABLE_CODE = YES;
				CLANG_WARN__DUPLICATE_METHOD_MATCH = YES;
				COPY_PHASE_STRIP = NO;
				DEBUG_INFORMATION_FORMAT = dwarf;
				ENABLE_STRICT_OBJC_MSGSEND = YES;
				ENABLE_TESTABILITY = YES;
				GCC_C_LANGUAGE_STANDARD = gnu11;
				GCC_DYNAMIC_NO_PIC = NO;
				GCC_NO_COMMON_BLOCKS = YES;
				GCC_OPTIMIZATION_LEVEL = 0;
				GCC_PREPROCESSOR_DEFINITIONS = (
					"$(inherited)",
					"DEBUG=1",
				);
				GCC_WARN_64_TO_32_BIT_CONVERSION = YES;
				GCC_WARN_ABOUT_RETURN_TYPE = YES_ERROR;
				GCC_WARN_UNDECLARED_SELECTOR = YES;
				GCC_WARN_UNINITIALIZED_AUTOS = YES_AGGRESSIVE;
				GCC_WARN_UNUSED_FUNCTION = YES;
				GCC_WARN_UNUSED_VARIABLE = YES;
				IPHONEOS_DEPLOYMENT_TARGET = 26.0;
				MTL_ENABLE_DEBUG_INFO = INCLUDE_SOURCE;
				MTL_FAST_MATH = YES;
				ONLY_ACTIVE_ARCH = YES;
				PRODUCT_NAME = "$(TARGET_NAME)";
				SDKROOT = iphoneos;
				SWIFT_ACTIVE_COMPILATION_CONDITIONS = DEBUG;
				SWIFT_OPTIMIZATION_LEVEL = "-Onone";
				SWIFT_VERSION = 6.0;
			};
			name = Debug;
		};
/* End XCBuildConfiguration section */

/* Begin XCConfigurationList section */
		2849616DFC1A158C2EC07212 /* Build configuration list for PBXNativeTarget "MantaUI" */ = {
			isa = XCConfigurationList;
			buildConfigurations = (
				8857613A992CF5C51AF05CFD /* Debug */,
				C751156F6F02EED867EF4EA2 /* Release */,
			);
			defaultConfigurationIsVisible = 0;
			defaultConfigurationName = Debug;
		};
		6945EF25C57025CCDAF0BFBA /* Build configuration list for PBXProject "MantaUI" */ = {
			isa = XCConfigurationList;
			buildConfigurations = (
				CD6610745679E80B8D16AE5F /* Debug */,
				9FF72AEF1528C0288306AE59 /* Release */,
			);
			defaultConfigurationIsVisible = 0;
			defaultConfigurationName = Debug;
		};
		B2E18CFAC6862CEACD18F7D2 /* Build configuration list for PBXNativeTarget "MantaUITests" */ = {
			isa = XCConfigurationList;
			buildConfigurations = (
				21F7A79EB6EBD3BA68543DF5 /* Debug */,
				CC115D7AC52701EA267DC909 /* Release */,
			);
			defaultConfigurationIsVisible = 0;
			defaultConfigurationName = Debug;
		};
		DC932F22BD30025150B13A2C /* Build configuration list for PBXNativeTarget "MantaUIUITests" */ = {
			isa = XCConfigurationList;
			buildConfigurations = (
				63A8F6B5A9D8C75C21C7BBC2 /* Debug */,
				C002E5BFFE962393F5EF7147 /* Release */,
			);
			defaultConfigurationIsVisible = 0;
			defaultConfigurationName = Debug;
		};
/* End XCConfigurationList section */
	};
	rootObject = 747EF81B08A2EE0658BCE94C /* Project object */;
}
