// !$*UTF8*$!
{
	archiveVersion = 1;
	classes = {
	};
	objectVersion = 77;
	objects = {

/* Begin PBXBuildFile section */
		01871023D47544D64443194D /* MantaModels.swift in Sources */ = {isa = PBXBuildFile; fileRef = 8C8240F1954861B4846E279D /* MantaModels.swift */; };
		33DC8035C0E87F9A3A7DA7DB /* MantaEventStore.swift in Sources */ = {isa = PBXBuildFile; fileRef = 1E1306D325FEB295B7AB874E /* MantaEventStore.swift */; };
		4DFA9582998C586AAC579F31 /* MantaUIHierarchyCaptureUITests.swift in Sources */ = {isa = PBXBuildFile; fileRef = 714E922397017504533FC4EE /* MantaUIHierarchyCaptureUITests.swift */; };
		4FBB551A50B4DA5B955968DD /* MantaUIApp.swift in Sources */ = {isa = PBXBuildFile; fileRef = 87CBDB00B3F0D138CB44A326 /* MantaUIApp.swift */; };
		5DED49382A895F0EB73EE951 /* MantaStreamModels.swift in Sources */ = {isa = PBXBuildFile; fileRef = 7F45372304FA61F99907B0A3 /* MantaStreamModels.swift */; };
		612658EEF8599BDB18369375 /* MantaAPIClient.swift in Sources */ = {isa = PBXBuildFile; fileRef = 17D174288A1A6C72E64B9079 /* MantaAPIClient.swift */; };
		67A2877890E8B008335AD7C0 /* KeychainCredentialStore.swift in Sources */ = {isa = PBXBuildFile; fileRef = 6E08743A649A206BA91EDD67 /* KeychainCredentialStore.swift */; };
		95970E5B12500AFD427E23D9 /* TranscriptComponents.swift in Sources */ = {isa = PBXBuildFile; fileRef = A26BEC5EF47268C8B29239F0 /* TranscriptComponents.swift */; };
		9BF6855A825F539665FF1563 /* MantaEventStreamTests.swift in Sources */ = {isa = PBXBuildFile; fileRef = EF45305B46745A80925FC1A4 /* MantaEventStreamTests.swift */; };
		9CF891D747797006729FDBD3 /* RootView.swift in Sources */ = {isa = PBXBuildFile; fileRef = A4E84DF65831DE58599C53BD /* RootView.swift */; };
		B5B62843F8D5814E0E5CEA40 /* MantaTransportTests.swift in Sources */ = {isa = PBXBuildFile; fileRef = 9BF85CE7BB8B25AABF039BC5 /* MantaTransportTests.swift */; };
		E096BAD9FD8E87E15481B646 /* Theme.swift in Sources */ = {isa = PBXBuildFile; fileRef = 799EED7CC4F10C6684A5662C /* Theme.swift */; };
		EAA66561F9150E1E2D4FBA4A /* MantaReconnectController.swift in Sources */ = {isa = PBXBuildFile; fileRef = 772D1B80A35F4493F828ACC2 /* MantaReconnectController.swift */; };
/* End PBXBuildFile section */

/* Begin PBXContainerItemProxy section */
		1CE0016C02E4DB509C179AEC /* PBXContainerItemProxy */ = {
			isa = PBXContainerItemProxy;
			containerPortal = 747EF81B08A2EE0658BCE94C /* Project object */;
			proxyType = 1;
			remoteGlobalIDString = 27F9832827A761BC0E5BCE51;
			remoteInfo = MantaUI;
		};
		8810EC5DBFDD634E1F282BE7 /* PBXContainerItemProxy */ = {
			isa = PBXContainerItemProxy;
			containerPortal = 747EF81B08A2EE0658BCE94C /* Project object */;
			proxyType = 1;
			remoteGlobalIDString = 27F9832827A761BC0E5BCE51;
			remoteInfo = MantaUI;
		};
/* End PBXContainerItemProxy section */

/* Begin PBXFileReference section */
		17D174288A1A6C72E64B9079 /* MantaAPIClient.swift */ = {isa = PBXFileReference; lastKnownFileType = sourcecode.swift; path = MantaAPIClient.swift; sourceTree = "<group>"; };
		1E1306D325FEB295B7AB874E /* MantaEventStore.swift */ = {isa = PBXFileReference; lastKnownFileType = sourcecode.swift; path = MantaEventStore.swift; sourceTree = "<group>"; };
		2C13A01F9048A8907CBCC31D /* MantaUIUITests.xctest */ = {isa = PBXFileReference; includeInIndex = 0; lastKnownFileType = wrapper.cfbundle; path = MantaUIUITests.xctest; sourceTree = BUILT_PRODUCTS_DIR; };
		35ECC10E3DB9A931F8EB5420 /* MantaUI.app */ = {isa = PBXFileReference; includeInIndex = 0; lastKnownFileType = wrapper.application; path = MantaUI.app; sourceTree = BUILT_PRODUCTS_DIR; };
		6E08743A649A206BA91EDD67 /* KeychainCredentialStore.swift */ = {isa = PBXFileReference; lastKnownFileType = sourcecode.swift; path = KeychainCredentialStore.swift; sourceTree = "<group>"; };
		714E922397017504533FC4EE /* MantaUIHierarchyCaptureUITests.swift */ = {isa = PBXFileReference; lastKnownFileType = sourcecode.swift; path = MantaUIHierarchyCaptureUITests.swift; sourceTree = "<group>"; };
		772D1B80A35F4493F828ACC2 /* MantaReconnectController.swift */ = {isa = PBXFileReference; lastKnownFileType = sourcecode.swift; path = MantaReconnectController.swift; sourceTree = "<group>"; };
		799EED7CC4F10C6684A5662C /* Theme.swift */ = {isa = PBXFileReference; lastKnownFileType = sourcecode.swift; path = Theme.swift; sourceTree = "<group>"; };
		7F45372304FA61F99907B0A3 /* MantaStreamModels.swift */ = {isa = PBXFileReference; lastKnownFileType = sourcecode.swift; path = MantaStreamModels.swift; sourceTree = "<group>"; };
		87CBDB00B3F0D138CB44A326 /* MantaUIApp.swift */ = {isa = PBXFileReference; lastKnownFileType = sourcecode.swift; path = MantaUIApp.swift; sourceTree = "<group>"; };
		8C8240F1954861B4846E279D /* MantaModels.swift */ = {isa = PBXFileReference; lastKnownFileType = sourcecode.swift; path = MantaModels.swift; sourceTree = "<group>"; };
		9BF85CE7BB8B25AABF039BC5 /* MantaTransportTests.swift */ = {isa = PBXFileReference; lastKnownFileType = sourcecode.swift; path = MantaTransportTests.swift; sourceTree = "<group>"; };
		A26BEC5EF47268C8B29239F0 /* TranscriptComponents.swift */ = {isa = PBXFileReference; lastKnownFileType = sourcecode.swift; path = TranscriptComponents.swift; sourceTree = "<group>"; };
		A4E84DF65831DE58599C53BD /* RootView.swift */ = {isa = PBXFileReference; lastKnownFileType = sourcecode.swift; path = RootView.swift; sourceTree = "<group>"; };
		C7F564F718747579264A4370 /* MantaUITests.xctest */ = {isa = PBXFileReference; includeInIndex = 0; lastKnownFileType = wrapper.cfbundle; path = MantaUITests.xctest; sourceTree = BUILT_PRODUCTS_DIR; };
		EF45305B46745A80925FC1A4 /* MantaEventStreamTests.swift */ = {isa = PBXFileReference; lastKnownFileType = sourcecode.swift; path = MantaEventStreamTests.swift; sourceTree = "<group>"; };
/* End PBXFileReference section */

/* Begin PBXGroup section */
		0141B3CF9BBB5EB026BDA8C5 /* Products */ = {
			isa = PBXGroup;
			children = (
				35ECC10E3DB9A931F8EB5420 /* MantaUI.app */,
				C7F564F718747579264A4370 /* MantaUITests.xctest */,
				2C13A01F9048A8907CBCC31D /* MantaUIUITests.xctest */,
			);
			name = Products;
			sourceTree = "<group>";
		};
		50A0ACE5FA8F3A848B41986E /* MantaUI */ = {
			isa = PBXGroup;
			children = (
				B72EDCFA9E8A4AE9662EC299 /* generated */,
			);
			name = MantaUI;
			path = ../..;
			sourceTree = "<group>";
		};
		7168FDC00E99AA075ACA9698 /* MantaUITests */ = {
			isa = PBXGroup;
			children = (
				EF45305B46745A80925FC1A4 /* MantaEventStreamTests.swift */,
				9BF85CE7BB8B25AABF039BC5 /* MantaTransportTests.swift */,
			);
			path = MantaUITests;
			sourceTree = "<group>";
		};
		855545FE3D464DDBA2B48C48 = {
			isa = PBXGroup;
			children = (
				D7128F5AAFA315FE875EEC98 /* MantaUI */,
				50A0ACE5FA8F3A848B41986E /* MantaUI */,
				7168FDC00E99AA075ACA9698 /* MantaUITests */,
				DF70760D7D88A6A31A5243DA /* MantaUIUITests */,
				0141B3CF9BBB5EB026BDA8C5 /* Products */,
			);
			sourceTree = "<group>";
		};
		A2F2688921C397D0D4B331A3 /* swift */ = {
			isa = PBXGroup;
			children = (
				799EED7CC4F10C6684A5662C /* Theme.swift */,
			);
			path = swift;
			sourceTree = "<group>";
		};
		B72EDCFA9E8A4AE9662EC299 /* generated */ = {
			isa = PBXGroup;
			children = (
				A2F2688921C397D0D4B331A3 /* swift */,
			);
			path = generated;
			sourceTree = "<group>";
		};
		D7128F5AAFA315FE875EEC98 /* MantaUI */ = {
			isa = PBXGroup;
			children = (
				6E08743A649A206BA91EDD67 /* KeychainCredentialStore.swift */,
				17D174288A1A6C72E64B9079 /* MantaAPIClient.swift */,
				1E1306D325FEB295B7AB874E /* MantaEventStore.swift */,
				8C8240F1954861B4846E279D /* MantaModels.swift */,
				772D1B80A35F4493F828ACC2 /* MantaReconnectController.swift */,
				7F45372304FA61F99907B0A3 /* MantaStreamModels.swift */,
				87CBDB00B3F0D138CB44A326 /* MantaUIApp.swift */,
				A4E84DF65831DE58599C53BD /* RootView.swift */,
				A26BEC5EF47268C8B29239F0 /* TranscriptComponents.swift */,
			);
			path = MantaUI;
			sourceTree = "<group>";
		};
		DF70760D7D88A6A31A5243DA /* MantaUIUITests */ = {
			isa = PBXGroup;
			children = (
				714E922397017504533FC4EE /* MantaUIHierarchyCaptureUITests.swift */,
			);
			path = MantaUIUITests;
			sourceTree = "<group>";
		};
/* End PBXGroup section */

/* Begin PBXNativeTarget section */
		0A2210EB32D156B1FB712083 /* MantaUIUITests */ = {
			isa = PBXNativeTarget;
			buildConfigurationList = DC932F22BD30025150B13A2C /* Build configuration list for PBXNativeTarget "MantaUIUITests" */;
			buildPhases = (
				4724733D1545274205A1D812 /* Sources */,
			);
			buildRules = (
			);
			dependencies = (
				19FA46D00CE3D8123D4EBB52 /* PBXTargetDependency */,
			);
			name = MantaUIUITests;
			packageProductDependencies = (
			);
			productName = MantaUIUITests;
			productReference = 2C13A01F9048A8907CBCC31D /* MantaUIUITests.xctest */;
			productType = "com.apple.product-type.bundle.ui-testing";
		};
		27F9832827A761BC0E5BCE51 /* MantaUI */ = {
			isa = PBXNativeTarget;
			buildConfigurationList = 2849616DFC1A158C2EC07212 /* Build configuration list for PBXNativeTarget "MantaUI" */;
			buildPhases = (
				85AE13C7C7852F37B78D84D2 /* Sources */,
			);
			buildRules = (
			);
			dependencies = (
			);
			name = MantaUI;
			packageProductDependencies = (
			);
			productName = MantaUI;
			productReference = 35ECC10E3DB9A931F8EB5420 /* MantaUI.app */;
			productType = "com.apple.product-type.application";
		};
		4ECEFC7C72A2BCE14E074398 /* MantaUITests */ = {
			isa = PBXNativeTarget;
			buildConfigurationList = B2E18CFAC6862CEACD18F7D2 /* Build configuration list for PBXNativeTarget "MantaUITests" */;
			buildPhases = (
				7D494B7A9C066190FA5152CE /* Sources */,
			);
			buildRules = (
			);
			dependencies = (
				B7AC66CE5A455E88F25175AE /* PBXTargetDependency */,
			);
			name = MantaUITests;
			packageProductDependencies = (
			);
			productName = MantaUITests;
			productReference = C7F564F718747579264A4370 /* MantaUITests.xctest */;
			productType = "com.apple.product-type.bundle.unit-test";
		};
/* End PBXNativeTarget section */

/* Begin PBXProject section */
		747EF81B08A2EE0658BCE94C /* Project object */ = {
			isa = PBXProject;
			attributes = {
				BuildIndependentTargetsInParallel = YES;
				LastUpgradeCheck = 1430;
				TargetAttributes = {
					0A2210EB32D156B1FB712083 = {
						ProvisioningStyle = Automatic;
						TestTargetID = 27F9832827A761BC0E5BCE51;
					};
					27F9832827A761BC0E5BCE51 = {
						ProvisioningStyle = Automatic;
					};
					4ECEFC7C72A2BCE14E074398 = {
						ProvisioningStyle = Automatic;
					};
				};
			};
			buildConfigurationList = 6945EF25C57025CCDAF0BFBA /* Build configuration list for PBXProject "MantaUI" */;
			developmentRegion = en;
			hasScannedForEncodings = 0;
			knownRegions = (
				Base,
				en,
			);
			mainGroup = 855545FE3D464DDBA2B48C48;
			minimizedProjectReferenceProxies = 1;
			preferredProjectObjectVersion = 77;
			productRefGroup = 0141B3CF9BBB5EB026BDA8C5 /* Products */;
			projectDirPath = "";
			projectRoot = "";
			targets = (
				27F9832827A761BC0E5BCE51 /* MantaUI */,
				4ECEFC7C72A2BCE14E074398 /* MantaUITests */,
				0A2210EB32D156B1FB712083 /* MantaUIUITests */,
			);
		};
/* End PBXProject section */

/* Begin PBXSourcesBuildPhase section */
		4724733D1545274205A1D812 /* Sources */ = {
			isa = PBXSourcesBuildPhase;
			buildActionMask = 2147483647;
			files = (
				4DFA9582998C586AAC579F31 /* MantaUIHierarchyCaptureUITests.swift in Sources */,
			);
			runOnlyForDeploymentPostprocessing = 0;
		};
		7D494B7A9C066190FA5152CE /* Sources */ = {
			isa = PBXSourcesBuildPhase;
			buildActionMask = 2147483647;
			files = (
				9BF6855A825F539665FF1563 /* MantaEventStreamTests.swift in Sources */,
				B5B62843F8D5814E0E5CEA40 /* MantaTransportTests.swift in Sources */,
			);
			runOnlyForDeploymentPostprocessing = 0;
		};
		85AE13C7C7852F37B78D84D2 /* Sources */ = {
			isa = PBXSourcesBuildPhase;
			buildActionMask = 2147483647;
			files = (
				67A2877890E8B008335AD7C0 /* KeychainCredentialStore.swift in Sources */,
				612658EEF8599BDB18369375 /* MantaAPIClient.swift in Sources */,
				33DC8035C0E87F9A3A7DA7DB /* MantaEventStore.swift in Sources */,
				01871023D47544D64443194D /* MantaModels.swift in Sources */,
				EAA66561F9150E1E2D4FBA4A /* MantaReconnectController.swift in Sources */,
				5DED49382A895F0EB73EE951 /* MantaStreamModels.swift in Sources */,
				4FBB551A50B4DA5B955968DD /* MantaUIApp.swift in Sources */,
				9CF891D747797006729FDBD3 /* RootView.swift in Sources */,
				E096BAD9FD8E87E15481B646 /* Theme.swift in Sources */,
				95970E5B12500AFD427E23D9 /* TranscriptComponents.swift in Sources */,
			);
			runOnlyForDeploymentPostprocessing = 0;
		};
/* End PBXSourcesBuildPhase section */

/* Begin PBXTargetDependency section */
		19FA46D00CE3D8123D4EBB52 /* PBXTargetDependency */ = {
			isa = PBXTargetDependency;
			target = 27F9832827A761BC0E5BCE51 /* MantaUI */;
			targetProxy = 8810EC5DBFDD634E1F282BE7 /* PBXContainerItemProxy */;
		};
		B7AC66CE5A455E88F25175AE /* PBXTargetDependency */ = {
			isa = PBXTargetDependency;
			target = 27F9832827A761BC0E5BCE51 /* MantaUI */;
			targetProxy = 1CE0016C02E4DB509C179AEC /* PBXContainerItemProxy */;
		};
/* End PBXTargetDependency section */

/* Begin XCBuildConfiguration section */
		21F7A79EB6EBD3BA68543DF5 /* Debug */ = {
			isa = XCBuildConfiguration;
			buildSettings = {
				BUNDLE_LOADER = "$(TEST_HOST)";
				CODE_SIGN_STYLE = Automatic;
				GENERATE_INFOPLIST_FILE = YES;
				IPHONEOS_DEPLOYMENT_TARGET = 26.0;
				LD_RUNPATH_SEARCH_PATHS = (
					"$(inherited)",
					"@executable_path/Frameworks",
					"@loader_path/Frameworks",
				);
				PRODUCT_BUNDLE_IDENTIFIER = com.antoinedc.mantaui.tests;
				SDKROOT = iphoneos;
				TARGETED_DEVICE_FAMILY = "1,2";
				TEST_HOST = "$(BUILT_PRODUCTS_DIR)/MantaUI.app/MantaUI";
			};
			name = Debug;
		};
		63A8F6B5A9D8C75C21C7BBC2 /* Debug */ = {
			isa = XCBuildConfiguration;
			buildSettings = {
				BUNDLE_LOADER = "$(TEST_HOST)";
				CODE_SIGN_STYLE = Automatic;
				GENERATE_INFOPLIST_FILE = YES;
				IPHONEOS_DEPLOYMENT_TARGET = 26.0;
				LD_RUNPATH_SEARCH_PATHS = (
					"$(inherited)",
					"@executable_path/Frameworks",
					"@loader_path/Frameworks",
				);
				PRODUCT_BUNDLE_IDENTIFIER = com.antoinedc.mantaui.uitests;
				SDKROOT = iphoneos;
				TARGETED_DEVICE_FAMILY = "1,2";
				TEST_TARGET_NAME = MantaUI;
			};
			name = Debug;
		};
		8857613A992CF5C51AF05CFD /* Debug */ = {
			isa = XCBuildConfiguration;
			buildSettings = {
				ASSETCATALOG_COMPILER_APPICON_NAME = AppIcon;
				CODE_SIGN_IDENTITY = "iPhone Developer";
				CODE_SIGN_STYLE = Automatic;
				CURRENT_PROJECT_VERSION = 1;
				GENERATE_INFOPLIST_FILE = YES;
				INFOPLIST_KEY_CFBundleDisplayName = MantaUI;
				INFOPLIST_KEY_UIApplicationSceneManifest_Generation = YES;
				INFOPLIST_KEY_UIApplicationSupportsIndirectInputEvents = YES;
				INFOPLIST_KEY_UILaunchScreen_Generation = YES;
				INFOPLIST_KEY_UISupportedInterfaceOrientations = UIInterfaceOrientationPortrait;
				IPHONEOS_DEPLOYMENT_TARGET = 26.0;
				LD_RUNPATH_SEARCH_PATHS = (
					"$(inherited)",
					"@executable_path/Frameworks",
				);
				MARKETING_VERSION = 0.1.0;
				PRODUCT_BUNDLE_IDENTIFIER = com.antoinedc.mantaui;
				PRODUCT_NAME = MantaUI;
				SDKROOT = iphoneos;
				SWIFT_EMIT_LOC_STRINGS = YES;
				TARGETED_DEVICE_FAMILY = 1;
			};
			name = Debug;
		};
		9FF72AEF1528C0288306AE59 /* Release */ = {
			isa = XCBuildConfiguration;
			buildSettings = {
				ALWAYS_SEARCH_USER_PATHS = NO;
				CLANG_ANALYZER_NONNULL = YES;
				CLANG_ANALYZER_NUMBER_OBJECT_CONVERSION = YES_AGGRESSIVE;
				CLANG_CXX_LANGUAGE_STANDARD = "gnu++14";
				CLANG_CXX_LIBRARY = "libc++";
				CLANG_ENABLE_MODULES = YES;
				CLANG_ENABLE_OBJC_ARC = YES;
				CLANG_ENABLE_OBJC_WEAK = YES;
				CLANG_WARN_BLOCK_CAPTURE_AUTORELEASING = YES;
				CLANG_WARN_BOOL_CONVERSION = YES;
				CLANG_WARN_COMMA = YES;
				CLANG_WARN_CONSTANT_CONVERSION = YES;
				CLANG_WARN_DEPRECATED_OBJC_IMPLEMENTATIONS = YES;
				CLANG_WARN_DIRECT_OBJC_ISA_USAGE = YES_ERROR;
				CLANG_WARN_DOCUMENTATION_COMMENTS = YES;
				CLANG_WARN_EMPTY_BODY = YES;
				CLANG_WARN_ENUM_CONVERSION = YES;
				CLANG_WARN_INFINITE_RECURSION = YES;
				CLANG_WARN_INT_CONVERSION = YES;
				CLANG_WARN_NON_LITERAL_NULL_CONVERSION = YES;
				CLANG_WARN_OBJC_IMPLICIT_RETAIN_SELF = YES;
				CLANG_WARN_OBJC_LITERAL_CONVERSION = YES;
				CLANG_WARN_OBJC_ROOT_CLASS = YES_ERROR;
				CLANG_WARN_QUOTED_INCLUDE_IN_FRAMEWORK_HEADER = YES;
				CLANG_WARN_RANGE_LOOP_ANALYSIS = YES;
				CLANG_WARN_STRICT_PROTOTYPES = YES;
				CLANG_WARN_SUSPICIOUS_MOVE = YES;
				CLANG_WARN_UNGUARDED_AVAILABILITY = YES_AGGRESSIVE;
				CLANG_WARN_UNREACHABLE_CODE = YES;
				CLANG_WARN__DUPLICATE_METHOD_MATCH = YES;
				COPY_PHASE_STRIP = NO;
				DEBUG_INFORMATION_FORMAT = "dwarf-with-dsym";
				ENABLE_NS_ASSERTIONS = NO;
				ENABLE_STRICT_OBJC_MSGSEND = YES;
				GCC_C_LANGUAGE_STANDARD = gnu11;
				GCC_NO_COMMON_BLOCKS = YES;
				GCC_WARN_64_TO_32_BIT_CONVERSION = YES;
				GCC_WARN_ABOUT_RETURN_TYPE = YES_ERROR;
				GCC_WARN_UNDECLARED_SELECTOR = YES;
				GCC_WARN_UNINITIALIZED_AUTOS = YES_AGGRESSIVE;
				GCC_WARN_UNUSED_FUNCTION = YES;
				GCC_WARN_UNUSED_VARIABLE = YES;
				IPHONEOS_DEPLOYMENT_TARGET = 26.0;
				MTL_ENABLE_DEBUG_INFO = NO;
				MTL_FAST_MATH = YES;
				PRODUCT_NAME = "$(TARGET_NAME)";
				SDKROOT = iphoneos;
				SWIFT_COMPILATION_MODE = wholemodule;
				SWIFT_OPTIMIZATION_LEVEL = "-O";
				SWIFT_VERSION = 6.0;
			};
			name = Release;
		};
		C002E5BFFE962393F5EF7147 /* Release */ = {
			isa = XCBuildConfiguration;
			buildSettings = {
				BUNDLE_LOADER = "$(TEST_HOST)";
				CODE_SIGN_STYLE = Automatic;
				GENERATE_INFOPLIST_FILE = YES;
				IPHONEOS_DEPLOYMENT_TARGET = 26.0;
				LD_RUNPATH_SEARCH_PATHS = (
					"$(inherited)",
					"@executable_path/Frameworks",
					"@loader_path/Frameworks",
				);
				PRODUCT_BUNDLE_IDENTIFIER = com.antoinedc.mantaui.uitests;
				SDKROOT = iphoneos;
				TARGETED_DEVICE_FAMILY = "1,2";
				TEST_TARGET_NAME = MantaUI;
			};
			name = Release;
		};
		C751156F6F02EED867EF4EA2 /* Release */ = {
			isa = XCBuildConfiguration;
			buildSettings = {
				ASSETCATALOG_COMPILER_APPICON_NAME = AppIcon;
				CODE_SIGN_IDENTITY = "iPhone Developer";
				CODE_SIGN_STYLE = Automatic;
				CURRENT_PROJECT_VERSION = 1;
				GENERATE_INFOPLIST_FILE = YES;
				INFOPLIST_KEY_CFBundleDisplayName = MantaUI;
				INFOPLIST_KEY_UIApplicationSceneManifest_Generation = YES;
				INFOPLIST_KEY_UIApplicationSupportsIndirectInputEvents = YES;
				INFOPLIST_KEY_UILaunchScreen_Generation = YES;
				INFOPLIST_KEY_UISupportedInterfaceOrientations = UIInterfaceOrientationPortrait;
				IPHONEOS_DEPLOYMENT_TARGET = 26.0;
				LD_RUNPATH_SEARCH_PATHS = (
					"$(inherited)",
					"@executable_path/Frameworks",
				);
				MARKETING_VERSION = 0.1.0;
				PRODUCT_BUNDLE_IDENTIFIER = com.antoinedc.mantaui;
				PRODUCT_NAME = MantaUI;
				SDKROOT = iphoneos;
				SWIFT_EMIT_LOC_STRINGS = YES;
				TARGETED_DEVICE_FAMILY = 1;
			};
			name = Release;
		};
		CC115D7AC52701EA267DC909 /* Release */ = {
			isa = XCBuildConfiguration;
			buildSettings = {
				BUNDLE_LOADER = "$(TEST_HOST)";
				CODE_SIGN_STYLE = Automatic;
				GENERATE_INFOPLIST_FILE = YES;
				IPHONEOS_DEPLOYMENT_TARGET = 26.0;
				LD_RUNPATH_SEARCH_PATHS = (
					"$(inherited)",
					"@executable_path/Frameworks",
					"@loader_path/Frameworks",
				);
				PRODUCT_BUNDLE_IDENTIFIER = com.antoinedc.mantaui.tests;
				SDKROOT = iphoneos;
				TARGETED_DEVICE_FAMILY = "1,2";
				TEST_HOST = "$(BUILT_PRODUCTS_DIR)/MantaUI.app/MantaUI";
			};
			name = Release;
		};
		CD6610745679E80B8D16AE5F /* Debug */ = {
			isa = XCBuildConfiguration;
			buildSettings = {
				ALWAYS_SEARCH_USER_PATHS = NO;
				CLANG_ANALYZER_NONNULL = YES;
				CLANG_ANALYZER_NUMBER_OBJECT_CONVERSION = YES_AGGRESSIVE;
				CLANG_CXX_LANGUAGE_STANDARD = "gnu++14";
				CLANG_CXX_LIBRARY = "libc++";
				CLANG_ENABLE_MODULES = YES;
				CLANG_ENABLE_OBJC_ARC = YES;
				CLANG_ENABLE_OBJC_WEAK = YES;
				CLANG_WARN_BLOCK_CAPTURE_AUTORELEASING = YES;
				CLANG_WARN_BOOL_CONVERSION = YES;
				CLANG_WARN_COMMA = YES;
				CLANG_WARN_CONSTANT_CONVERSION = YES;
				CLANG_WARN_DEPRECATED_OBJC_IMPLEMENTATIONS = YES;
				CLANG_WARN_DIRECT_OBJC_ISA_USAGE = YES_ERROR;
				CLANG_WARN_DOCUMENTATION_COMMENTS = YES;
				CLANG_WARN_EMPTY_BODY = YES;
				CLANG_WARN_ENUM_CONVERSION = YES;
				CLANG_WARN_INFINITE_RECURSION = YES;
				CLANG_WARN_INT_CONVERSION = YES;
				CLANG_WARN_NON_LITERAL_NULL_CONVERSION = YES;
				CLANG_WARN_OBJC_IMPLICIT_RETAIN_SELF = YES;
				CLANG_WARN_OBJC_LITERAL_CONVERSION = YES;
				CLANG_WARN_OBJC_ROOT_CLASS = YES_ERROR;
				CLANG_WARN_QUOTED_INCLUDE_IN_FRAMEWORK_HEADER = YES;
				CLANG_WARN_RANGE_LOOP_ANALYSIS = YES;
				CLANG_WARN_STRICT_PROTOTYPES = YES;
				CLANG_WARN_SUSPICIOUS_MOVE = YES;
				CLANG_WARN_UNGUARDED_AVAILABILITY = YES_AGGRESSIVE;
				CLANG_WARN_UNREACHABLE_CODE = YES;
				CLANG_WARN__DUPLICATE_METHOD_MATCH = YES;
				COPY_PHASE_STRIP = NO;
				DEBUG_INFORMATION_FORMAT = dwarf;
				ENABLE_STRICT_OBJC_MSGSEND = YES;
				ENABLE_TESTABILITY = YES;
				GCC_C_LANGUAGE_STANDARD = gnu11;
				GCC_DYNAMIC_NO_PIC = NO;
				GCC_NO_COMMON_BLOCKS = YES;
				GCC_OPTIMIZATION_LEVEL = 0;
				GCC_PREPROCESSOR_DEFINITIONS = (
					"$(inherited)",
					"DEBUG=1",
				);
				GCC_WARN_64_TO_32_BIT_CONVERSION = YES;
				GCC_WARN_ABOUT_RETURN_TYPE = YES_ERROR;
				GCC_WARN_UNDECLARED_SELECTOR = YES;
				GCC_WARN_UNINITIALIZED_AUTOS = YES_AGGRESSIVE;
				GCC_WARN_UNUSED_FUNCTION = YES;
				GCC_WARN_UNUSED_VARIABLE = YES;
				IPHONEOS_DEPLOYMENT_TARGET = 26.0;
				MTL_ENABLE_DEBUG_INFO = INCLUDE_SOURCE;
				MTL_FAST_MATH = YES;
				ONLY_ACTIVE_ARCH = YES;
				PRODUCT_NAME = "$(TARGET_NAME)";
				SDKROOT = iphoneos;
				SWIFT_ACTIVE_COMPILATION_CONDITIONS = DEBUG;
				SWIFT_OPTIMIZATION_LEVEL = "-Onone";
				SWIFT_VERSION = 6.0;
			};
			name = Debug;
		};
/* End XCBuildConfiguration section */

/* Begin XCConfigurationList section */
		2849616DFC1A158C2EC07212 /* Build configuration list for PBXNativeTarget "MantaUI" */ = {
			isa = XCConfigurationList;
			buildConfigurations = (
				8857613A992CF5C51AF05CFD /* Debug */,
				C751156F6F02EED867EF4EA2 /* Release */,
			);
			defaultConfigurationIsVisible = 0;
			defaultConfigurationName = Debug;
		};
		6945EF25C57025CCDAF0BFBA /* Build configuration list for PBXProject "MantaUI" */ = {
			isa = XCConfigurationList;
			buildConfigurations = (
				CD6610745679E80B8D16AE5F /* Debug */,
				9FF72AEF1528C0288306AE59 /* Release */,
			);
			defaultConfigurationIsVisible = 0;
			defaultConfigurationName = Debug;
		};
		B2E18CFAC6862CEACD18F7D2 /* Build configuration list for PBXNativeTarget "MantaUITests" */ = {
			isa = XCConfigurationList;
			buildConfigurations = (
				21F7A79EB6EBD3BA68543DF5 /* Debug */,
				CC115D7AC52701EA267DC909 /* Release */,
			);
			defaultConfigurationIsVisible = 0;
			defaultConfigurationName = Debug;
		};
		DC932F22BD30025150B13A2C /* Build configuration list for PBXNativeTarget "MantaUIUITests" */ = {
			isa = XCConfigurationList;
			buildConfigurations = (
				63A8F6B5A9D8C75C21C7BBC2 /* Debug */,
				C002E5BFFE962393F5EF7147 /* Release */,
			);
			defaultConfigurationIsVisible = 0;
			defaultConfigurationName = Debug;
		};
/* End XCConfigurationList section */
	};
	rootObject = 747EF81B08A2EE0658BCE94C /* Project object */;
}
